{
  "version": 4,
  "terraform_version": "1.1.2",
  "serial": 333,
  "lineage": "7f20ffda-4494-2d14-8a5c-2c013dffe336",
  "outputs": {},
  "resources": [
    {
      "mode": "data",
      "type": "azurerm_client_config",
      "name": "current",
      "provider": "provider[\"registry.terraform.io/hashicorp/azurerm\"]",
      "instances": [
        {
          "schema_version": 0,
          "attributes": {
            "client_id": "04b07795-8ddb-461a-bbee-02f9e1bf7b46",
            "id": "2022-01-11 18:24:50.7418541 +0000 UTC",
            "object_id": "7712be67-8000-41bc-873b-022ed8f615ed",
            "subscription_id": "205eeadc-4811-4da1-8cc8-6f8cb198ed98",
            "tenant_id": "3fe1fd7b-ad10-4534-8d60-7f1a178f2ae4",
            "timeouts": null
          },
          "sensitive_attributes": []
        }
      ]
    },
    {
      "mode": "data",
      "type": "azurerm_subscription",
      "name": "current",
      "provider": "provider[\"registry.terraform.io/hashicorp/azurerm\"]",
      "instances": [
        {
          "schema_version": 0,
          "attributes": {
            "display_name": "Azure subscription 1",
            "id": "/subscriptions/205eeadc-4811-4da1-8cc8-6f8cb198ed98",
            "location_placement_id": "Public_2014-09-01",
            "quota_id": "PayAsYouGo_2014-09-01",
            "spending_limit": "Off",
            "state": "Enabled",
            "subscription_id": "205eeadc-4811-4da1-8cc8-6f8cb198ed98",
            "tags": {},
            "tenant_id": "3fe1fd7b-ad10-4534-8d60-7f1a178f2ae4",
            "timeouts": null
          },
          "sensitive_attributes": []
        }
      ]
    },
    {
      "mode": "managed",
      "type": "azurerm_application_insights",
      "name": "appI",
      "provider": "provider[\"registry.terraform.io/hashicorp/azurerm\"]",
      "instances": [
        {
          "schema_version": 0,
          "attributes": {
            "app_id": "eb4fd9ba-eea6-4716-97e7-980795387044",
            "application_type": "web",
            "connection_string": "InstrumentationKey=4c51aaf7-057c-415a-8e3b-12e1b915d1b9;IngestionEndpoint=https://eastus2-0.in.applicationinsights.azure.com/",
            "daily_data_cap_in_gb": 100,
            "daily_data_cap_notifications_disabled": false,
            "disable_ip_masking": false,
            "id": "/subscriptions/205eeadc-4811-4da1-8cc8-6f8cb198ed98/resourceGroups/aqny8-global-unreal-rg/providers/microsoft.insights/components/aqny8-appinsights-eastus2",
            "instrumentation_key": "4c51aaf7-057c-415a-8e3b-12e1b915d1b9",
            "location": "eastus2",
            "name": "aqny8-appinsights-eastus2",
            "resource_group_name": "aqny8-global-unreal-rg",
            "retention_in_days": 30,
            "sampling_percentage": 100,
            "tags": null,
            "timeouts": null
          },
          "sensitive_attributes": [],
          "private": "eyJlMmJmYjczMC1lY2FhLTExZTYtOGY4OC0zNDM2M2JjN2M0YzAiOnsiY3JlYXRlIjoxODAwMDAwMDAwMDAwLCJkZWxldGUiOjE4MDAwMDAwMDAwMDAsInJlYWQiOjMwMDAwMDAwMDAwMCwidXBkYXRlIjoxODAwMDAwMDAwMDAwfX0=",
          "dependencies": [
            "azurerm_resource_group.rg_global",
            "data.azurerm_client_config.current",
            "random_string.base_id"
          ]
        }
      ]
    },
    {
      "mode": "managed",
      "type": "azurerm_key_vault",
      "name": "akv",
      "provider": "provider[\"registry.terraform.io/hashicorp/azurerm\"]",
      "instances": [
        {
          "schema_version": 2,
          "attributes": {
            "access_policy": [
              {
                "application_id": "",
                "certificate_permissions": [
                  "get",
                  "delete",
                  "list",
                  "import",
                  "update"
                ],
                "key_permissions": [
                  "create",
                  "get",
                  "list",
                  "verify"
                ],
                "object_id": "7712be67-8000-41bc-873b-022ed8f615ed",
                "secret_permissions": [
                  "set",
                  "get",
                  "delete",
                  "list",
                  "recover"
                ],
                "storage_permissions": null,
                "tenant_id": "3fe1fd7b-ad10-4534-8d60-7f1a178f2ae4"
              }
            ],
            "contact": [],
            "enable_rbac_authorization": false,
            "enabled_for_deployment": false,
            "enabled_for_disk_encryption": false,
            "enabled_for_template_deployment": false,
            "id": "/subscriptions/205eeadc-4811-4da1-8cc8-6f8cb198ed98/resourceGroups/aqny8-global-unreal-rg/providers/Microsoft.KeyVault/vaults/akv-aqny8-eastus2",
            "location": "eastus2",
            "name": "akv-aqny8-eastus2",
            "network_acls": [
              {
                "bypass": "AzureServices",
                "default_action": "Allow",
                "ip_rules": [],
                "virtual_network_subnet_ids": []
              }
            ],
            "purge_protection_enabled": false,
            "resource_group_name": "aqny8-global-unreal-rg",
            "sku_name": "premium",
            "soft_delete_enabled": true,
            "soft_delete_retention_days": 7,
            "tags": null,
            "tenant_id": "3fe1fd7b-ad10-4534-8d60-7f1a178f2ae4",
            "timeouts": null,
            "vault_uri": "https://akv-aqny8-eastus2.vault.azure.net/"
          },
          "sensitive_attributes": [],
          "private": "eyJlMmJmYjczMC1lY2FhLTExZTYtOGY4OC0zNDM2M2JjN2M0YzAiOnsiY3JlYXRlIjoxODAwMDAwMDAwMDAwLCJkZWxldGUiOjE4MDAwMDAwMDAwMDAsInJlYWQiOjMwMDAwMDAwMDAwMCwidXBkYXRlIjoxODAwMDAwMDAwMDAwfSwic2NoZW1hX3ZlcnNpb24iOiIyIn0=",
          "dependencies": [
            "azurerm_resource_group.rg_global",
            "data.azurerm_client_config.current",
            "random_string.base_id"
          ]
        }
      ]
    },
    {
      "mode": "managed",
      "type": "azurerm_resource_group",
      "name": "rg_global",
      "provider": "provider[\"registry.terraform.io/hashicorp/azurerm\"]",
      "instances": [
        {
          "schema_version": 0,
          "attributes": {
            "id": "/subscriptions/205eeadc-4811-4da1-8cc8-6f8cb198ed98/resourceGroups/aqny8-global-unreal-rg",
            "location": "eastus2",
            "name": "aqny8-global-unreal-rg",
            "tags": {
              "client_id": "04b07795-8ddb-461a-bbee-02f9e1bf7b46"
            },
            "timeouts": null
          },
          "sensitive_attributes": [],
          "private": "eyJlMmJmYjczMC1lY2FhLTExZTYtOGY4OC0zNDM2M2JjN2M0YzAiOnsiY3JlYXRlIjo1NDAwMDAwMDAwMDAwLCJkZWxldGUiOjU0MDAwMDAwMDAwMDAsInJlYWQiOjMwMDAwMDAwMDAwMCwidXBkYXRlIjo1NDAwMDAwMDAwMDAwfX0=",
          "dependencies": [
            "data.azurerm_client_config.current",
            "random_string.base_id"
          ]
        }
      ]
    },
    {
      "mode": "managed",
      "type": "azurerm_storage_account",
      "name": "storageaccount",
      "provider": "provider[\"registry.terraform.io/hashicorp/azurerm\"]",
      "instances": [
        {
          "schema_version": 2,
          "attributes": {
            "access_tier": "Hot",
            "account_kind": "StorageV2",
            "account_replication_type": "LRS",
            "account_tier": "Standard",
            "allow_blob_public_access": false,
            "blob_properties": [],
            "custom_domain": [],
            "enable_https_traffic_only": true,
            "id": "/subscriptions/205eeadc-4811-4da1-8cc8-6f8cb198ed98/resourceGroups/aqny8-global-unreal-rg/providers/Microsoft.Storage/storageAccounts/aqny8storacct",
            "identity": [],
            "is_hns_enabled": false,
            "large_file_share_enabled": null,
            "location": "eastus2",
            "min_tls_version": "TLS1_0",
            "name": "aqny8storacct",
            "network_rules": [
              {
                "bypass": [
                  "AzureServices"
                ],
                "default_action": "Allow",
                "ip_rules": [],
                "virtual_network_subnet_ids": []
              }
            ],
            "primary_access_key": "C2O7e/XjL5PPgQDIayZ/SJAMpxqau3dCy+tnAVgmjQz8EbSXbcqJ/Zkv+8VWpoARNfozCc9DBxz5Oyg2IyYwnQ==",
            "primary_blob_connection_string": "DefaultEndpointsProtocol=https;BlobEndpoint=https://aqny8storacct.blob.core.windows.net/;AccountName=aqny8storacct;AccountKey=C2O7e/XjL5PPgQDIayZ/SJAMpxqau3dCy+tnAVgmjQz8EbSXbcqJ/Zkv+8VWpoARNfozCc9DBxz5Oyg2IyYwnQ==",
            "primary_blob_endpoint": "https://aqny8storacct.blob.core.windows.net/",
            "primary_blob_host": "aqny8storacct.blob.core.windows.net",
            "primary_connection_string": "DefaultEndpointsProtocol=https;AccountName=aqny8storacct;AccountKey=C2O7e/XjL5PPgQDIayZ/SJAMpxqau3dCy+tnAVgmjQz8EbSXbcqJ/Zkv+8VWpoARNfozCc9DBxz5Oyg2IyYwnQ==;EndpointSuffix=core.windows.net",
            "primary_dfs_endpoint": "https://aqny8storacct.dfs.core.windows.net/",
            "primary_dfs_host": "aqny8storacct.dfs.core.windows.net",
            "primary_file_endpoint": "https://aqny8storacct.file.core.windows.net/",
            "primary_file_host": "aqny8storacct.file.core.windows.net",
            "primary_location": "eastus2",
            "primary_queue_endpoint": "https://aqny8storacct.queue.core.windows.net/",
            "primary_queue_host": "aqny8storacct.queue.core.windows.net",
            "primary_table_endpoint": "https://aqny8storacct.table.core.windows.net/",
            "primary_table_host": "aqny8storacct.table.core.windows.net",
            "primary_web_endpoint": "https://aqny8storacct.z20.web.core.windows.net/",
            "primary_web_host": "aqny8storacct.z20.web.core.windows.net",
            "queue_properties": [
              {
                "cors_rule": [],
                "hour_metrics": [
                  {
                    "enabled": true,
                    "include_apis": true,
                    "retention_policy_days": 7,
                    "version": "1.0"
                  }
                ],
                "logging": [
                  {
                    "delete": false,
                    "read": false,
                    "retention_policy_days": 0,
                    "version": "1.0",
                    "write": false
                  }
                ],
                "minute_metrics": [
                  {
                    "enabled": false,
                    "include_apis": false,
                    "retention_policy_days": 0,
                    "version": "1.0"
                  }
                ]
              }
            ],
            "resource_group_name": "aqny8-global-unreal-rg",
            "secondary_access_key": "OU28xp7EpiN2wjVKtJuqxBL9NwqjgqLUD3SqjEghvL9dG1CEwzXMpz2RMVFAXaW/P1ArZHBkt0hyVsPj3di+XA==",
            "secondary_blob_connection_string": "",
            "secondary_blob_endpoint": null,
            "secondary_blob_host": null,
            "secondary_connection_string": "DefaultEndpointsProtocol=https;AccountName=aqny8storacct;AccountKey=OU28xp7EpiN2wjVKtJuqxBL9NwqjgqLUD3SqjEghvL9dG1CEwzXMpz2RMVFAXaW/P1ArZHBkt0hyVsPj3di+XA==;EndpointSuffix=core.windows.net",
            "secondary_dfs_endpoint": null,
            "secondary_dfs_host": null,
            "secondary_file_endpoint": null,
            "secondary_file_host": null,
            "secondary_location": "",
            "secondary_queue_endpoint": null,
            "secondary_queue_host": null,
            "secondary_table_endpoint": null,
            "secondary_table_host": null,
            "secondary_web_endpoint": null,
            "secondary_web_host": null,
            "static_website": [],
            "tags": null,
            "timeouts": null
          },
          "sensitive_attributes": [],
          "private": "eyJlMmJmYjczMC1lY2FhLTExZTYtOGY4OC0zNDM2M2JjN2M0YzAiOnsiY3JlYXRlIjozNjAwMDAwMDAwMDAwLCJkZWxldGUiOjM2MDAwMDAwMDAwMDAsInJlYWQiOjMwMDAwMDAwMDAwMCwidXBkYXRlIjozNjAwMDAwMDAwMDAwfSwic2NoZW1hX3ZlcnNpb24iOiIyIn0=",
          "dependencies": [
            "azurerm_resource_group.rg_global",
            "data.azurerm_client_config.current",
            "random_string.base_id"
          ]
        }
      ]
    },
    {
      "mode": "managed",
      "type": "azurerm_traffic_manager_profile",
      "name": "traffic_manager_profile",
      "provider": "provider[\"registry.terraform.io/hashicorp/azurerm\"]",
      "instances": [
        {
          "schema_version": 0,
          "attributes": {
            "dns_config": [
              {
                "relative_name": "aqny8",
                "ttl": 100
              }
            ],
            "fqdn": "aqny8.trafficmanager.net",
            "id": "/subscriptions/205eeadc-4811-4da1-8cc8-6f8cb198ed98/resourceGroups/aqny8-global-unreal-rg/providers/Microsoft.Network/trafficManagerProfiles/aqny8-trafficmgr",
            "max_return": 0,
            "monitor_config": [
              {
                "custom_header": [],
                "expected_status_code_ranges": null,
                "interval_in_seconds": 30,
                "path": "",
                "port": 80,
                "protocol": "TCP",
                "timeout_in_seconds": 10,
                "tolerated_number_of_failures": 3
              }
            ],
            "name": "aqny8-trafficmgr",
            "profile_status": "Enabled",
            "resource_group_name": "aqny8-global-unreal-rg",
            "tags": null,
            "timeouts": null,
            "traffic_routing_method": "Performance",
            "traffic_view_enabled": false
          },
          "sensitive_attributes": [],
          "private": "eyJlMmJmYjczMC1lY2FhLTExZTYtOGY4OC0zNDM2M2JjN2M0YzAiOnsiY3JlYXRlIjoxODAwMDAwMDAwMDAwLCJkZWxldGUiOjE4MDAwMDAwMDAwMDAsInJlYWQiOjMwMDAwMDAwMDAwMCwidXBkYXRlIjoxODAwMDAwMDAwMDAwfX0=",
          "dependencies": [
            "azurerm_resource_group.rg_global",
            "data.azurerm_client_config.current",
            "random_string.base_id"
          ]
        }
      ]
    },
    {
      "mode": "managed",
      "type": "random_string",
      "name": "base_id",
      "provider": "provider[\"registry.terraform.io/hashicorp/random\"]",
      "instances": [
        {
          "schema_version": 1,
          "attributes": {
            "id": "aqny8",
            "keepers": null,
            "length": 5,
            "lower": true,
            "min_lower": 0,
            "min_numeric": 0,
            "min_special": 0,
            "min_upper": 0,
            "number": true,
            "override_special": null,
            "result": "aqny8",
            "special": false,
            "upper": false
          },
          "sensitive_attributes": [],
          "private": "eyJzY2hlbWFfdmVyc2lvbiI6IjEifQ=="
        }
      ]
    },
    {
      "module": "module.region_deployment[\"eastus-unreal-rg\"]",
      "mode": "data",
      "type": "azurerm_client_config",
      "name": "regional-current",
      "provider": "provider[\"registry.terraform.io/hashicorp/azurerm\"]",
      "instances": [
        {
          "schema_version": 0,
          "attributes": {
            "client_id": "04b07795-8ddb-461a-bbee-02f9e1bf7b46",
            "id": "2022-01-11 18:24:50.7418541 +0000 UTC",
            "object_id": "7712be67-8000-41bc-873b-022ed8f615ed",
            "subscription_id": "205eeadc-4811-4da1-8cc8-6f8cb198ed98",
            "tenant_id": "3fe1fd7b-ad10-4534-8d60-7f1a178f2ae4",
            "timeouts": null
          },
          "sensitive_attributes": []
        }
      ]
    },
    {
      "module": "module.region_deployment[\"eastus-unreal-rg\"]",
      "mode": "data",
      "type": "azurerm_subscription",
      "name": "primary",
      "provider": "provider[\"registry.terraform.io/hashicorp/azurerm\"]",
      "instances": [
        {
          "schema_version": 0,
          "attributes": {
            "display_name": "Azure subscription 1",
            "id": "/subscriptions/205eeadc-4811-4da1-8cc8-6f8cb198ed98",
            "location_placement_id": "Public_2014-09-01",
            "quota_id": "PayAsYouGo_2014-09-01",
            "spending_limit": "Off",
            "state": "Enabled",
            "subscription_id": "205eeadc-4811-4da1-8cc8-6f8cb198ed98",
            "tags": {},
            "tenant_id": "3fe1fd7b-ad10-4534-8d60-7f1a178f2ae4",
            "timeouts": null
          },
          "sensitive_attributes": []
        }
      ]
    },
    {
      "module": "module.region_deployment[\"eastus-unreal-rg\"]",
      "mode": "managed",
      "type": "azurerm_key_vault_access_policy",
      "name": "vmss-identity-ap",
      "provider": "provider[\"registry.terraform.io/hashicorp/azurerm\"]",
      "instances": [
        {
          "schema_version": 0,
          "attributes": {
            "application_id": null,
            "certificate_permissions": [
              "get",
              "list"
            ],
            "id": "/subscriptions/205eeadc-4811-4da1-8cc8-6f8cb198ed98/resourceGroups/aqny8-global-unreal-rg/providers/Microsoft.KeyVault/vaults/akv-aqny8-eastus2/objectId/ccc015e8-ab3d-4dc6-9e75-02afdb5ad062",
            "key_permissions": null,
            "key_vault_id": "/subscriptions/205eeadc-4811-4da1-8cc8-6f8cb198ed98/resourceGroups/aqny8-global-unreal-rg/providers/Microsoft.KeyVault/vaults/akv-aqny8-eastus2",
            "object_id": "ccc015e8-ab3d-4dc6-9e75-02afdb5ad062",
            "secret_permissions": null,
            "storage_permissions": null,
            "tenant_id": "3fe1fd7b-ad10-4534-8d60-7f1a178f2ae4",
            "timeouts": null
          },
          "sensitive_attributes": [],
          "private": "eyJlMmJmYjczMC1lY2FhLTExZTYtOGY4OC0zNDM2M2JjN2M0YzAiOnsiY3JlYXRlIjoxODAwMDAwMDAwMDAwLCJkZWxldGUiOjE4MDAwMDAwMDAwMDAsInJlYWQiOjMwMDAwMDAwMDAwMCwidXBkYXRlIjoxODAwMDAwMDAwMDAwfX0=",
          "dependencies": [
            "azurerm_key_vault.akv",
            "azurerm_resource_group.rg_global",
            "data.azurerm_client_config.current",
            "module.region_deployment.azurerm_network_security_group.backend-nsg",
            "module.region_deployment.azurerm_resource_group.region-rg",
            "module.region_deployment.azurerm_subnet.subnet",
            "module.region_deployment.azurerm_virtual_network.vnet",
            "module.region_deployment.azurerm_windows_virtual_machine_scale_set.vmss",
            "module.region_deployment.data.azurerm_client_config.regional-current",
            "random_string.base_id"
          ]
        }
      ]
    },
    {
      "module": "module.region_deployment[\"eastus-unreal-rg\"]",
      "mode": "managed",
      "type": "azurerm_key_vault_secret",
      "name": "pwd_secret",
      "provider": "provider[\"registry.terraform.io/hashicorp/azurerm\"]",
      "instances": [
        {
          "schema_version": 0,
          "attributes": {
            "content_type": "",
            "expiration_date": null,
            "id": "https://akv-aqny8-eastus2.vault.azure.net/secrets/aqny8-eastus-password/ce106de1a845462e8fd7607c3b0f30c0",
            "key_vault_id": "/subscriptions/205eeadc-4811-4da1-8cc8-6f8cb198ed98/resourceGroups/aqny8-global-unreal-rg/providers/Microsoft.KeyVault/vaults/akv-aqny8-eastus2",
            "name": "aqny8-eastus-password",
            "not_before_date": null,
            "tags": null,
            "timeouts": null,
            "value": "Corneel1234!",
            "version": "ce106de1a845462e8fd7607c3b0f30c0"
          },
          "sensitive_attributes": [],
          "private": "eyJlMmJmYjczMC1lY2FhLTExZTYtOGY4OC0zNDM2M2JjN2M0YzAiOnsiY3JlYXRlIjoxODAwMDAwMDAwMDAwLCJkZWxldGUiOjE4MDAwMDAwMDAwMDAsInJlYWQiOjMwMDAwMDAwMDAwMCwidXBkYXRlIjoxODAwMDAwMDAwMDAwfX0=",
          "dependencies": [
            "azurerm_key_vault.akv",
            "azurerm_resource_group.rg_global",
            "data.azurerm_client_config.current",
            "random_string.base_id"
          ]
        }
      ]
    },
    {
      "module": "module.region_deployment[\"eastus-unreal-rg\"]",
      "mode": "managed",
      "type": "azurerm_network_interface",
      "name": "nic",
      "provider": "provider[\"registry.terraform.io/hashicorp/azurerm\"]",
      "instances": [
        {
          "schema_version": 0,
          "attributes": {
            "applied_dns_servers": [],
            "dns_servers": [],
            "enable_accelerated_networking": false,
            "enable_ip_forwarding": false,
            "id": "/subscriptions/205eeadc-4811-4da1-8cc8-6f8cb198ed98/resourceGroups/aqny8-eastus-unreal-rg/providers/Microsoft.Network/networkInterfaces/mm-nic-eastus",
            "internal_dns_name_label": "mm-aqny8-local",
            "internal_domain_name_suffix": "fj2klqbhl2oeph0e30tosaf33g.bx.internal.cloudapp.net",
            "ip_configuration": [
              {
                "name": "aqny8-mm-config",
                "primary": true,
                "private_ip_address": "10.100.0.4",
                "private_ip_address_allocation": "Dynamic",
                "private_ip_address_version": "IPv4",
                "public_ip_address_id": "/subscriptions/205eeadc-4811-4da1-8cc8-6f8cb198ed98/resourceGroups/aqny8-eastus-unreal-rg/providers/Microsoft.Network/publicIPAddresses/aqny8-mmvm-eastus-pip",
                "subnet_id": "/subscriptions/205eeadc-4811-4da1-8cc8-6f8cb198ed98/resourceGroups/aqny8-eastus-unreal-rg/providers/Microsoft.Network/virtualNetworks/aqny8-vnet-eastus/subnets/aqny8-subnet-eastus"
              }
            ],
            "location": "eastus",
            "mac_address": "",
            "name": "mm-nic-eastus",
            "private_ip_address": "10.100.0.4",
            "private_ip_addresses": [
              "10.100.0.4"
            ],
            "resource_group_name": "aqny8-eastus-unreal-rg",
            "tags": null,
            "timeouts": null,
            "virtual_machine_id": ""
          },
          "sensitive_attributes": [],
          "private": "eyJlMmJmYjczMC1lY2FhLTExZTYtOGY4OC0zNDM2M2JjN2M0YzAiOnsiY3JlYXRlIjoxODAwMDAwMDAwMDAwLCJkZWxldGUiOjE4MDAwMDAwMDAwMDAsInJlYWQiOjMwMDAwMDAwMDAwMCwidXBkYXRlIjoxODAwMDAwMDAwMDAwfX0=",
          "dependencies": [
            "module.region_deployment.azurerm_public_ip.pip",
            "module.region_deployment.azurerm_resource_group.region-rg",
            "module.region_deployment.azurerm_subnet.subnet",
            "module.region_deployment.azurerm_virtual_network.vnet",
            "module.region_deployment.data.azurerm_client_config.regional-current",
            "random_string.base_id"
          ]
        }
      ]
    },
    {
      "module": "module.region_deployment[\"eastus-unreal-rg\"]",
      "mode": "managed",
      "type": "azurerm_network_interface_security_group_association",
      "name": "mm_nsg_association",
      "provider": "provider[\"registry.terraform.io/hashicorp/azurerm\"]",
      "instances": [
        {
          "schema_version": 0,
          "attributes": {
            "id": "/subscriptions/205eeadc-4811-4da1-8cc8-6f8cb198ed98/resourceGroups/aqny8-eastus-unreal-rg/providers/Microsoft.Network/networkInterfaces/mm-nic-eastus|/subscriptions/205eeadc-4811-4da1-8cc8-6f8cb198ed98/resourceGroups/aqny8-eastus-unreal-rg/providers/Microsoft.Network/networkSecurityGroups/aqny8-mm-nsg",
            "network_interface_id": "/subscriptions/205eeadc-4811-4da1-8cc8-6f8cb198ed98/resourceGroups/aqny8-eastus-unreal-rg/providers/Microsoft.Network/networkInterfaces/mm-nic-eastus",
            "network_security_group_id": "/subscriptions/205eeadc-4811-4da1-8cc8-6f8cb198ed98/resourceGroups/aqny8-eastus-unreal-rg/providers/Microsoft.Network/networkSecurityGroups/aqny8-mm-nsg",
            "timeouts": null
          },
          "sensitive_attributes": [],
          "private": "eyJlMmJmYjczMC1lY2FhLTExZTYtOGY4OC0zNDM2M2JjN2M0YzAiOnsiY3JlYXRlIjoxODAwMDAwMDAwMDAwLCJkZWxldGUiOjE4MDAwMDAwMDAwMDAsInJlYWQiOjMwMDAwMDAwMDAwMCwidXBkYXRlIjoxODAwMDAwMDAwMDAwfX0=",
          "dependencies": [
            "module.region_deployment.azurerm_network_interface.nic",
            "module.region_deployment.azurerm_network_security_group.mm-nsg",
            "module.region_deployment.azurerm_public_ip.pip",
            "module.region_deployment.azurerm_resource_group.region-rg",
            "module.region_deployment.azurerm_subnet.subnet",
            "module.region_deployment.azurerm_virtual_network.vnet",
            "module.region_deployment.data.azurerm_client_config.regional-current",
            "random_string.base_id"
          ]
        }
      ]
    },
    {
      "module": "module.region_deployment[\"eastus-unreal-rg\"]",
      "mode": "managed",
      "type": "azurerm_network_security_group",
      "name": "backend-nsg",
      "provider": "provider[\"registry.terraform.io/hashicorp/azurerm\"]",
      "instances": [
        {
          "schema_version": 0,
          "attributes": {
            "id": "/subscriptions/205eeadc-4811-4da1-8cc8-6f8cb198ed98/resourceGroups/aqny8-eastus-unreal-rg/providers/Microsoft.Network/networkSecurityGroups/aqny8-be-nsg",
            "location": "eastus",
            "name": "aqny8-be-nsg",
            "resource_group_name": "aqny8-eastus-unreal-rg",
            "security_rule": [],
            "tags": null,
            "timeouts": null
          },
          "sensitive_attributes": [],
          "private": "eyJlMmJmYjczMC1lY2FhLTExZTYtOGY4OC0zNDM2M2JjN2M0YzAiOnsiY3JlYXRlIjoxODAwMDAwMDAwMDAwLCJkZWxldGUiOjE4MDAwMDAwMDAwMDAsInJlYWQiOjMwMDAwMDAwMDAwMCwidXBkYXRlIjoxODAwMDAwMDAwMDAwfX0=",
          "dependencies": [
            "module.region_deployment.azurerm_resource_group.region-rg",
            "module.region_deployment.data.azurerm_client_config.regional-current",
            "random_string.base_id"
          ]
        }
      ]
    },
    {
      "module": "module.region_deployment[\"eastus-unreal-rg\"]",
      "mode": "managed",
      "type": "azurerm_network_security_group",
      "name": "mm-nsg",
      "provider": "provider[\"registry.terraform.io/hashicorp/azurerm\"]",
      "instances": [
        {
          "schema_version": 0,
          "attributes": {
            "id": "/subscriptions/205eeadc-4811-4da1-8cc8-6f8cb198ed98/resourceGroups/aqny8-eastus-unreal-rg/providers/Microsoft.Network/networkSecurityGroups/aqny8-mm-nsg",
            "location": "eastus",
            "name": "aqny8-mm-nsg",
            "resource_group_name": "aqny8-eastus-unreal-rg",
            "security_rule": [],
            "tags": null,
            "timeouts": null
          },
          "sensitive_attributes": [],
          "private": "eyJlMmJmYjczMC1lY2FhLTExZTYtOGY4OC0zNDM2M2JjN2M0YzAiOnsiY3JlYXRlIjoxODAwMDAwMDAwMDAwLCJkZWxldGUiOjE4MDAwMDAwMDAwMDAsInJlYWQiOjMwMDAwMDAwMDAwMCwidXBkYXRlIjoxODAwMDAwMDAwMDAwfX0=",
          "dependencies": [
            "module.region_deployment.azurerm_resource_group.region-rg",
            "module.region_deployment.data.azurerm_client_config.regional-current",
            "random_string.base_id"
          ]
        }
      ]
    },
    {
      "module": "module.region_deployment[\"eastus-unreal-rg\"]",
      "mode": "managed",
      "type": "azurerm_network_security_rule",
      "name": "vm_network_security_rules",
      "provider": "provider[\"registry.terraform.io/hashicorp/azurerm\"]",
      "instances": [
        {
          "index_key": "Open3389In",
          "schema_version": 0,
          "attributes": {
            "access": "Allow",
            "description": "",
            "destination_address_prefix": "*",
            "destination_address_prefixes": null,
            "destination_application_security_group_ids": null,
            "destination_port_range": "3389",
            "destination_port_ranges": null,
            "direction": "Inbound",
            "id": "/subscriptions/205eeadc-4811-4da1-8cc8-6f8cb198ed98/resourceGroups/aqny8-eastus-unreal-rg/providers/Microsoft.Network/networkSecurityGroups/aqny8-mm-nsg/securityRules/Open3389In",
            "name": "Open3389In",
            "network_security_group_name": "aqny8-mm-nsg",
            "priority": 1030,
            "protocol": "Tcp",
            "resource_group_name": "aqny8-eastus-unreal-rg",
            "source_address_prefix": "*",
            "source_address_prefixes": null,
            "source_application_security_group_ids": null,
            "source_port_range": "*",
            "source_port_ranges": null,
            "timeouts": null
          },
          "sensitive_attributes": [],
          "private": "eyJlMmJmYjczMC1lY2FhLTExZTYtOGY4OC0zNDM2M2JjN2M0YzAiOnsiY3JlYXRlIjoxODAwMDAwMDAwMDAwLCJkZWxldGUiOjE4MDAwMDAwMDAwMDAsInJlYWQiOjMwMDAwMDAwMDAwMCwidXBkYXRlIjoxODAwMDAwMDAwMDAwfX0=",
          "dependencies": [
            "module.region_deployment.azurerm_network_security_group.mm-nsg",
            "module.region_deployment.azurerm_resource_group.region-rg",
            "module.region_deployment.data.azurerm_client_config.regional-current",
            "random_string.base_id"
          ]
        },
        {
          "index_key": "Open443In",
          "schema_version": 0,
          "attributes": {
            "access": "Allow",
            "description": "",
            "destination_address_prefix": "*",
            "destination_address_prefixes": null,
            "destination_application_security_group_ids": null,
            "destination_port_range": "443",
            "destination_port_ranges": null,
            "direction": "Inbound",
            "id": "/subscriptions/205eeadc-4811-4da1-8cc8-6f8cb198ed98/resourceGroups/aqny8-eastus-unreal-rg/providers/Microsoft.Network/networkSecurityGroups/aqny8-mm-nsg/securityRules/Open443In",
            "name": "Open443In",
            "network_security_group_name": "aqny8-mm-nsg",
            "priority": 1040,
            "protocol": "Tcp",
            "resource_group_name": "aqny8-eastus-unreal-rg",
            "source_address_prefix": "*",
            "source_address_prefixes": null,
            "source_application_security_group_ids": null,
            "source_port_range": "*",
            "source_port_ranges": null,
            "timeouts": null
          },
          "sensitive_attributes": [],
          "private": "eyJlMmJmYjczMC1lY2FhLTExZTYtOGY4OC0zNDM2M2JjN2M0YzAiOnsiY3JlYXRlIjoxODAwMDAwMDAwMDAwLCJkZWxldGUiOjE4MDAwMDAwMDAwMDAsInJlYWQiOjMwMDAwMDAwMDAwMCwidXBkYXRlIjoxODAwMDAwMDAwMDAwfX0=",
          "dependencies": [
            "module.region_deployment.azurerm_network_security_group.mm-nsg",
            "module.region_deployment.azurerm_resource_group.region-rg",
            "module.region_deployment.data.azurerm_client_config.regional-current",
            "random_string.base_id"
          ]
        },
        {
          "index_key": "Open443Out",
          "schema_version": 0,
          "attributes": {
            "access": "Allow",
            "description": "",
            "destination_address_prefix": "*",
            "destination_address_prefixes": null,
            "destination_application_security_group_ids": null,
            "destination_port_range": "443",
            "destination_port_ranges": null,
            "direction": "Outbound",
            "id": "/subscriptions/205eeadc-4811-4da1-8cc8-6f8cb198ed98/resourceGroups/aqny8-eastus-unreal-rg/providers/Microsoft.Network/networkSecurityGroups/aqny8-mm-nsg/securityRules/Open443Out",
            "name": "Open443Out",
            "network_security_group_name": "aqny8-mm-nsg",
            "priority": 1060,
            "protocol": "Tcp",
            "resource_group_name": "aqny8-eastus-unreal-rg",
            "source_address_prefix": "*",
            "source_address_prefixes": null,
            "source_application_security_group_ids": null,
            "source_port_range": "*",
            "source_port_ranges": null,
            "timeouts": null
          },
          "sensitive_attributes": [],
          "private": "eyJlMmJmYjczMC1lY2FhLTExZTYtOGY4OC0zNDM2M2JjN2M0YzAiOnsiY3JlYXRlIjoxODAwMDAwMDAwMDAwLCJkZWxldGUiOjE4MDAwMDAwMDAwMDAsInJlYWQiOjMwMDAwMDAwMDAwMCwidXBkYXRlIjoxODAwMDAwMDAwMDAwfX0=",
          "dependencies": [
            "module.region_deployment.azurerm_network_security_group.mm-nsg",
            "module.region_deployment.azurerm_resource_group.region-rg",
            "module.region_deployment.data.azurerm_client_config.regional-current",
            "random_string.base_id"
          ]
        },
        {
          "index_key": "Open80In",
          "schema_version": 0,
          "attributes": {
            "access": "Allow",
            "description": "",
            "destination_address_prefix": "*",
            "destination_address_prefixes": null,
            "destination_application_security_group_ids": null,
            "destination_port_range": "80",
            "destination_port_ranges": null,
            "direction": "Inbound",
            "id": "/subscriptions/205eeadc-4811-4da1-8cc8-6f8cb198ed98/resourceGroups/aqny8-eastus-unreal-rg/providers/Microsoft.Network/networkSecurityGroups/aqny8-mm-nsg/securityRules/Open80In",
            "name": "Open80In",
            "network_security_group_name": "aqny8-mm-nsg",
            "priority": 1000,
            "protocol": "Tcp",
            "resource_group_name": "aqny8-eastus-unreal-rg",
            "source_address_prefix": "*",
            "source_address_prefixes": null,
            "source_application_security_group_ids": null,
            "source_port_range": "*",
            "source_port_ranges": null,
            "timeouts": null
          },
          "sensitive_attributes": [],
          "private": "eyJlMmJmYjczMC1lY2FhLTExZTYtOGY4OC0zNDM2M2JjN2M0YzAiOnsiY3JlYXRlIjoxODAwMDAwMDAwMDAwLCJkZWxldGUiOjE4MDAwMDAwMDAwMDAsInJlYWQiOjMwMDAwMDAwMDAwMCwidXBkYXRlIjoxODAwMDAwMDAwMDAwfX0=",
          "dependencies": [
            "module.region_deployment.azurerm_network_security_group.mm-nsg",
            "module.region_deployment.azurerm_resource_group.region-rg",
            "module.region_deployment.data.azurerm_client_config.regional-current",
            "random_string.base_id"
          ]
        },
        {
          "index_key": "Open80Out",
          "schema_version": 0,
          "attributes": {
            "access": "Allow",
            "description": "",
            "destination_address_prefix": "*",
            "destination_address_prefixes": null,
            "destination_application_security_group_ids": null,
            "destination_port_range": "80",
            "destination_port_ranges": null,
            "direction": "Outbound",
            "id": "/subscriptions/205eeadc-4811-4da1-8cc8-6f8cb198ed98/resourceGroups/aqny8-eastus-unreal-rg/providers/Microsoft.Network/networkSecurityGroups/aqny8-mm-nsg/securityRules/Open80Out",
            "name": "Open80Out",
            "network_security_group_name": "aqny8-mm-nsg",
            "priority": 1000,
            "protocol": "Tcp",
            "resource_group_name": "aqny8-eastus-unreal-rg",
            "source_address_prefix": "*",
            "source_address_prefixes": null,
            "source_application_security_group_ids": null,
            "source_port_range": "*",
            "source_port_ranges": null,
            "timeouts": null
          },
          "sensitive_attributes": [],
          "private": "eyJlMmJmYjczMC1lY2FhLTExZTYtOGY4OC0zNDM2M2JjN2M0YzAiOnsiY3JlYXRlIjoxODAwMDAwMDAwMDAwLCJkZWxldGUiOjE4MDAwMDAwMDAwMDAsInJlYWQiOjMwMDAwMDAwMDAwMCwidXBkYXRlIjoxODAwMDAwMDAwMDAwfX0=",
          "dependencies": [
            "module.region_deployment.azurerm_network_security_group.mm-nsg",
            "module.region_deployment.azurerm_resource_group.region-rg",
            "module.region_deployment.data.azurerm_client_config.regional-current",
            "random_string.base_id"
          ]
        }
      ]
    },
    {
      "module": "module.region_deployment[\"eastus-unreal-rg\"]",
      "mode": "managed",
      "type": "azurerm_network_security_rule",
      "name": "vmss_network_security_rules",
      "provider": "provider[\"registry.terraform.io/hashicorp/azurerm\"]",
      "instances": [
        {
          "index_key": "Open3389In",
          "schema_version": 0,
          "attributes": {
            "access": "Allow",
            "description": "",
            "destination_address_prefix": "*",
            "destination_address_prefixes": null,
            "destination_application_security_group_ids": null,
            "destination_port_range": "3389",
            "destination_port_ranges": null,
            "direction": "Inbound",
            "id": "/subscriptions/205eeadc-4811-4da1-8cc8-6f8cb198ed98/resourceGroups/aqny8-eastus-unreal-rg/providers/Microsoft.Network/networkSecurityGroups/aqny8-be-nsg/securityRules/Open3389In",
            "name": "Open3389In",
            "network_security_group_name": "aqny8-be-nsg",
            "priority": 1060,
            "protocol": "Tcp",
            "resource_group_name": "aqny8-eastus-unreal-rg",
            "source_address_prefix": "*",
            "source_address_prefixes": null,
            "source_application_security_group_ids": null,
            "source_port_range": "*",
            "source_port_ranges": null,
            "timeouts": null
          },
          "sensitive_attributes": [],
          "private": "eyJlMmJmYjczMC1lY2FhLTExZTYtOGY4OC0zNDM2M2JjN2M0YzAiOnsiY3JlYXRlIjoxODAwMDAwMDAwMDAwLCJkZWxldGUiOjE4MDAwMDAwMDAwMDAsInJlYWQiOjMwMDAwMDAwMDAwMCwidXBkYXRlIjoxODAwMDAwMDAwMDAwfX0=",
          "dependencies": [
            "module.region_deployment.azurerm_network_security_group.backend-nsg",
            "module.region_deployment.azurerm_resource_group.region-rg",
            "module.region_deployment.data.azurerm_client_config.regional-current",
            "random_string.base_id"
          ]
        },
        {
          "index_key": "Open443In",
          "schema_version": 0,
          "attributes": {
            "access": "Allow",
            "description": "",
            "destination_address_prefix": "*",
            "destination_address_prefixes": null,
            "destination_application_security_group_ids": null,
            "destination_port_range": "443",
            "destination_port_ranges": null,
            "direction": "Inbound",
            "id": "/subscriptions/205eeadc-4811-4da1-8cc8-6f8cb198ed98/resourceGroups/aqny8-eastus-unreal-rg/providers/Microsoft.Network/networkSecurityGroups/aqny8-be-nsg/securityRules/Open443In",
            "name": "Open443In",
            "network_security_group_name": "aqny8-be-nsg",
            "priority": 1070,
            "protocol": "Tcp",
            "resource_group_name": "aqny8-eastus-unreal-rg",
            "source_address_prefix": "*",
            "source_address_prefixes": null,
            "source_application_security_group_ids": null,
            "source_port_range": "*",
            "source_port_ranges": null,
            "timeouts": null
          },
          "sensitive_attributes": [],
          "private": "eyJlMmJmYjczMC1lY2FhLTExZTYtOGY4OC0zNDM2M2JjN2M0YzAiOnsiY3JlYXRlIjoxODAwMDAwMDAwMDAwLCJkZWxldGUiOjE4MDAwMDAwMDAwMDAsInJlYWQiOjMwMDAwMDAwMDAwMCwidXBkYXRlIjoxODAwMDAwMDAwMDAwfX0=",
          "dependencies": [
            "module.region_deployment.azurerm_network_security_group.backend-nsg",
            "module.region_deployment.azurerm_resource_group.region-rg",
            "module.region_deployment.data.azurerm_client_config.regional-current",
            "random_string.base_id"
          ]
        },
        {
          "index_key": "Open80In",
          "schema_version": 0,
          "attributes": {
            "access": "Allow",
            "description": "",
            "destination_address_prefix": "*",
            "destination_address_prefixes": null,
            "destination_application_security_group_ids": null,
            "destination_port_range": "80",
            "destination_port_ranges": null,
            "direction": "Inbound",
            "id": "/subscriptions/205eeadc-4811-4da1-8cc8-6f8cb198ed98/resourceGroups/aqny8-eastus-unreal-rg/providers/Microsoft.Network/networkSecurityGroups/aqny8-be-nsg/securityRules/Open80In",
            "name": "Open80In",
            "network_security_group_name": "aqny8-be-nsg",
            "priority": 1000,
            "protocol": "Tcp",
            "resource_group_name": "aqny8-eastus-unreal-rg",
            "source_address_prefix": "*",
            "source_address_prefixes": null,
            "source_application_security_group_ids": null,
            "source_port_range": "*",
            "source_port_ranges": null,
            "timeouts": null
          },
          "sensitive_attributes": [],
          "private": "eyJlMmJmYjczMC1lY2FhLTExZTYtOGY4OC0zNDM2M2JjN2M0YzAiOnsiY3JlYXRlIjoxODAwMDAwMDAwMDAwLCJkZWxldGUiOjE4MDAwMDAwMDAwMDAsInJlYWQiOjMwMDAwMDAwMDAwMCwidXBkYXRlIjoxODAwMDAwMDAwMDAwfX0=",
          "dependencies": [
            "module.region_deployment.azurerm_network_security_group.backend-nsg",
            "module.region_deployment.azurerm_resource_group.region-rg",
            "module.region_deployment.data.azurerm_client_config.regional-current",
            "random_string.base_id"
          ]
        },
        {
          "index_key": "Open8888In",
          "schema_version": 0,
          "attributes": {
            "access": "Allow",
            "description": "",
            "destination_address_prefix": "*",
            "destination_address_prefixes": null,
            "destination_application_security_group_ids": null,
            "destination_port_range": "8888",
            "destination_port_ranges": null,
            "direction": "Inbound",
            "id": "/subscriptions/205eeadc-4811-4da1-8cc8-6f8cb198ed98/resourceGroups/aqny8-eastus-unreal-rg/providers/Microsoft.Network/networkSecurityGroups/aqny8-be-nsg/securityRules/Open8888In",
            "name": "Open8888In",
            "network_security_group_name": "aqny8-be-nsg",
            "priority": 1040,
            "protocol": "Tcp",
            "resource_group_name": "aqny8-eastus-unreal-rg",
            "source_address_prefix": "*",
            "source_address_prefixes": null,
            "source_application_security_group_ids": null,
            "source_port_range": "*",
            "source_port_ranges": null,
            "timeouts": null
          },
          "sensitive_attributes": [],
          "private": "eyJlMmJmYjczMC1lY2FhLTExZTYtOGY4OC0zNDM2M2JjN2M0YzAiOnsiY3JlYXRlIjoxODAwMDAwMDAwMDAwLCJkZWxldGUiOjE4MDAwMDAwMDAwMDAsInJlYWQiOjMwMDAwMDAwMDAwMCwidXBkYXRlIjoxODAwMDAwMDAwMDAwfX0=",
          "dependencies": [
            "module.region_deployment.azurerm_network_security_group.backend-nsg",
            "module.region_deployment.azurerm_resource_group.region-rg",
            "module.region_deployment.data.azurerm_client_config.regional-current",
            "random_string.base_id"
          ]
        },
        {
          "index_key": "Open8889In",
          "schema_version": 0,
          "attributes": {
            "access": "Allow",
            "description": "",
            "destination_address_prefix": "*",
            "destination_address_prefixes": null,
            "destination_application_security_group_ids": null,
            "destination_port_range": "8889",
            "destination_port_ranges": null,
            "direction": "Inbound",
            "id": "/subscriptions/205eeadc-4811-4da1-8cc8-6f8cb198ed98/resourceGroups/aqny8-eastus-unreal-rg/providers/Microsoft.Network/networkSecurityGroups/aqny8-be-nsg/securityRules/Open8889In",
            "name": "Open8889In",
            "network_security_group_name": "aqny8-be-nsg",
            "priority": 1050,
            "protocol": "Tcp",
            "resource_group_name": "aqny8-eastus-unreal-rg",
            "source_address_prefix": "*",
            "source_address_prefixes": null,
            "source_application_security_group_ids": null,
            "source_port_range": "*",
            "source_port_ranges": null,
            "timeouts": null
          },
          "sensitive_attributes": [],
          "private": "eyJlMmJmYjczMC1lY2FhLTExZTYtOGY4OC0zNDM2M2JjN2M0YzAiOnsiY3JlYXRlIjoxODAwMDAwMDAwMDAwLCJkZWxldGUiOjE4MDAwMDAwMDAwMDAsInJlYWQiOjMwMDAwMDAwMDAwMCwidXBkYXRlIjoxODAwMDAwMDAwMDAwfX0=",
          "dependencies": [
            "module.region_deployment.azurerm_network_security_group.backend-nsg",
            "module.region_deployment.azurerm_resource_group.region-rg",
            "module.region_deployment.data.azurerm_client_config.regional-current",
            "random_string.base_id"
          ]
        },
        {
          "index_key": "Open8890In",
          "schema_version": 0,
          "attributes": {
            "access": "Allow",
            "description": "",
            "destination_address_prefix": "*",
            "destination_address_prefixes": null,
            "destination_application_security_group_ids": null,
            "destination_port_range": "8890",
            "destination_port_ranges": null,
            "direction": "Inbound",
            "id": "/subscriptions/205eeadc-4811-4da1-8cc8-6f8cb198ed98/resourceGroups/aqny8-eastus-unreal-rg/providers/Microsoft.Network/networkSecurityGroups/aqny8-be-nsg/securityRules/Open8890In",
            "name": "Open8890In",
            "network_security_group_name": "aqny8-be-nsg",
            "priority": 1080,
            "protocol": "Tcp",
            "resource_group_name": "aqny8-eastus-unreal-rg",
            "source_address_prefix": "*",
            "source_address_prefixes": null,
            "source_application_security_group_ids": null,
            "source_port_range": "*",
            "source_port_ranges": null,
            "timeouts": null
          },
          "sensitive_attributes": [],
          "private": "eyJlMmJmYjczMC1lY2FhLTExZTYtOGY4OC0zNDM2M2JjN2M0YzAiOnsiY3JlYXRlIjoxODAwMDAwMDAwMDAwLCJkZWxldGUiOjE4MDAwMDAwMDAwMDAsInJlYWQiOjMwMDAwMDAwMDAwMCwidXBkYXRlIjoxODAwMDAwMDAwMDAwfX0=",
          "dependencies": [
            "module.region_deployment.azurerm_network_security_group.backend-nsg",
            "module.region_deployment.azurerm_resource_group.region-rg",
            "module.region_deployment.data.azurerm_client_config.regional-current",
            "random_string.base_id"
          ]
        },
        {
          "index_key": "Open8891In",
          "schema_version": 0,
          "attributes": {
            "access": "Allow",
            "description": "",
            "destination_address_prefix": "*",
            "destination_address_prefixes": null,
            "destination_application_security_group_ids": null,
            "destination_port_range": "8891",
            "destination_port_ranges": null,
            "direction": "Inbound",
            "id": "/subscriptions/205eeadc-4811-4da1-8cc8-6f8cb198ed98/resourceGroups/aqny8-eastus-unreal-rg/providers/Microsoft.Network/networkSecurityGroups/aqny8-be-nsg/securityRules/Open8891In",
            "name": "Open8891In",
            "network_security_group_name": "aqny8-be-nsg",
            "priority": 1090,
            "protocol": "Tcp",
            "resource_group_name": "aqny8-eastus-unreal-rg",
            "source_address_prefix": "*",
            "source_address_prefixes": null,
            "source_application_security_group_ids": null,
            "source_port_range": "*",
            "source_port_ranges": null,
            "timeouts": null
          },
          "sensitive_attributes": [],
          "private": "eyJlMmJmYjczMC1lY2FhLTExZTYtOGY4OC0zNDM2M2JjN2M0YzAiOnsiY3JlYXRlIjoxODAwMDAwMDAwMDAwLCJkZWxldGUiOjE4MDAwMDAwMDAwMDAsInJlYWQiOjMwMDAwMDAwMDAwMCwidXBkYXRlIjoxODAwMDAwMDAwMDAwfX0=",
          "dependencies": [
            "module.region_deployment.azurerm_network_security_group.backend-nsg",
            "module.region_deployment.azurerm_resource_group.region-rg",
            "module.region_deployment.data.azurerm_client_config.regional-current",
            "random_string.base_id"
          ]
        }
      ]
    },
    {
      "module": "module.region_deployment[\"eastus-unreal-rg\"]",
      "mode": "managed",
      "type": "azurerm_public_ip",
      "name": "pip",
      "provider": "provider[\"registry.terraform.io/hashicorp/azurerm\"]",
      "instances": [
        {
          "schema_version": 0,
          "attributes": {
            "allocation_method": "Static",
            "domain_name_label": "mmvm-aqny8",
            "fqdn": "mmvm-aqny8.eastus.cloudapp.azure.com",
            "id": "/subscriptions/205eeadc-4811-4da1-8cc8-6f8cb198ed98/resourceGroups/aqny8-eastus-unreal-rg/providers/Microsoft.Network/publicIPAddresses/aqny8-mmvm-eastus-pip",
            "idle_timeout_in_minutes": 4,
            "ip_address": "20.83.128.186",
            "ip_version": "IPv4",
            "location": "eastus",
            "name": "aqny8-mmvm-eastus-pip",
            "public_ip_prefix_id": null,
            "resource_group_name": "aqny8-eastus-unreal-rg",
            "reverse_fqdn": "",
            "sku": "Standard",
            "tags": null,
            "timeouts": null,
            "zones": null
          },
          "sensitive_attributes": [],
          "private": "eyJlMmJmYjczMC1lY2FhLTExZTYtOGY4OC0zNDM2M2JjN2M0YzAiOnsiY3JlYXRlIjoxODAwMDAwMDAwMDAwLCJkZWxldGUiOjE4MDAwMDAwMDAwMDAsInJlYWQiOjMwMDAwMDAwMDAwMCwidXBkYXRlIjoxODAwMDAwMDAwMDAwfX0=",
          "dependencies": [
            "module.region_deployment.azurerm_resource_group.region-rg",
            "module.region_deployment.data.azurerm_client_config.regional-current",
            "random_string.base_id"
          ]
        }
      ]
    },
    {
      "module": "module.region_deployment[\"eastus-unreal-rg\"]",
      "mode": "managed",
      "type": "azurerm_resource_group",
      "name": "region-rg",
      "provider": "provider[\"registry.terraform.io/hashicorp/azurerm\"]",
      "instances": [
        {
          "schema_version": 0,
          "attributes": {
            "id": "/subscriptions/205eeadc-4811-4da1-8cc8-6f8cb198ed98/resourceGroups/aqny8-eastus-unreal-rg",
            "location": "eastus",
            "name": "aqny8-eastus-unreal-rg",
            "tags": {
              "client_id": "04b07795-8ddb-461a-bbee-02f9e1bf7b46"
            },
            "timeouts": null
          },
          "sensitive_attributes": [],
          "private": "eyJlMmJmYjczMC1lY2FhLTExZTYtOGY4OC0zNDM2M2JjN2M0YzAiOnsiY3JlYXRlIjo1NDAwMDAwMDAwMDAwLCJkZWxldGUiOjU0MDAwMDAwMDAwMDAsInJlYWQiOjMwMDAwMDAwMDAwMCwidXBkYXRlIjo1NDAwMDAwMDAwMDAwfX0=",
          "dependencies": [
            "module.region_deployment.data.azurerm_client_config.regional-current",
            "random_string.base_id"
          ]
        }
      ]
    },
    {
      "module": "module.region_deployment[\"eastus-unreal-rg\"]",
      "mode": "managed",
      "type": "azurerm_role_assignment",
      "name": "role_assignment",
      "provider": "provider[\"registry.terraform.io/hashicorp/azurerm\"]",
      "instances": [
        {
          "schema_version": 0,
          "attributes": {
            "id": "/subscriptions/205eeadc-4811-4da1-8cc8-6f8cb198ed98/providers/Microsoft.Authorization/roleAssignments/8111eef8-f4fc-f15d-0a66-1b30c5c39901",
            "name": "8111eef8-f4fc-f15d-0a66-1b30c5c39901",
            "principal_id": "16f28f33-51c9-4b7e-8f54-c89f27ed0336",
            "principal_type": "ServicePrincipal",
            "role_definition_id": "/subscriptions/205eeadc-4811-4da1-8cc8-6f8cb198ed98/providers/Microsoft.Authorization/roleDefinitions/b24988ac-6180-42a0-ab88-20f7382dd24c",
            "role_definition_name": "Contributor",
            "scope": "/subscriptions/205eeadc-4811-4da1-8cc8-6f8cb198ed98",
            "skip_service_principal_aad_check": null,
            "timeouts": null
          },
          "sensitive_attributes": [],
          "private": "eyJlMmJmYjczMC1lY2FhLTExZTYtOGY4OC0zNDM2M2JjN2M0YzAiOnsiY3JlYXRlIjoxODAwMDAwMDAwMDAwLCJkZWxldGUiOjE4MDAwMDAwMDAwMDAsInJlYWQiOjMwMDAwMDAwMDAwMCwidXBkYXRlIjoxODAwMDAwMDAwMDAwfX0=",
          "dependencies": [
            "module.region_deployment.azurerm_network_interface.nic",
            "module.region_deployment.azurerm_public_ip.pip",
            "module.region_deployment.azurerm_resource_group.region-rg",
            "module.region_deployment.azurerm_subnet.subnet",
            "module.region_deployment.azurerm_virtual_network.vnet",
            "module.region_deployment.azurerm_windows_virtual_machine.vm",
            "module.region_deployment.data.azurerm_client_config.regional-current",
            "module.region_deployment.data.azurerm_subscription.primary",
            "random_string.base_id"
          ]
        }
      ]
    },
    {
      "module": "module.region_deployment[\"eastus-unreal-rg\"]",
      "mode": "managed",
      "type": "azurerm_role_assignment",
      "name": "vmss_role_assignment",
      "provider": "provider[\"registry.terraform.io/hashicorp/azurerm\"]",
      "instances": [
        {
          "schema_version": 0,
          "attributes": {
            "id": "/subscriptions/205eeadc-4811-4da1-8cc8-6f8cb198ed98/providers/Microsoft.Authorization/roleAssignments/b096ca75-496e-b685-00b1-4b197c6eb3cb",
            "name": "b096ca75-496e-b685-00b1-4b197c6eb3cb",
            "principal_id": "ccc015e8-ab3d-4dc6-9e75-02afdb5ad062",
            "principal_type": "ServicePrincipal",
            "role_definition_id": "/subscriptions/205eeadc-4811-4da1-8cc8-6f8cb198ed98/providers/Microsoft.Authorization/roleDefinitions/b24988ac-6180-42a0-ab88-20f7382dd24c",
            "role_definition_name": "Contributor",
            "scope": "/subscriptions/205eeadc-4811-4da1-8cc8-6f8cb198ed98",
            "skip_service_principal_aad_check": null,
            "timeouts": null
          },
          "sensitive_attributes": [],
          "private": "eyJlMmJmYjczMC1lY2FhLTExZTYtOGY4OC0zNDM2M2JjN2M0YzAiOnsiY3JlYXRlIjoxODAwMDAwMDAwMDAwLCJkZWxldGUiOjE4MDAwMDAwMDAwMDAsInJlYWQiOjMwMDAwMDAwMDAwMCwidXBkYXRlIjoxODAwMDAwMDAwMDAwfX0=",
          "dependencies": [
            "module.region_deployment.azurerm_network_security_group.backend-nsg",
            "module.region_deployment.azurerm_resource_group.region-rg",
            "module.region_deployment.azurerm_subnet.subnet",
            "module.region_deployment.azurerm_virtual_network.vnet",
            "module.region_deployment.azurerm_windows_virtual_machine_scale_set.vmss",
            "module.region_deployment.data.azurerm_client_config.regional-current",
            "module.region_deployment.data.azurerm_subscription.primary",
            "random_string.base_id"
          ]
        }
      ]
    },
    {
      "module": "module.region_deployment[\"eastus-unreal-rg\"]",
      "mode": "managed",
      "type": "azurerm_subnet",
      "name": "subnet",
      "provider": "provider[\"registry.terraform.io/hashicorp/azurerm\"]",
      "instances": [
        {
          "schema_version": 0,
          "attributes": {
            "address_prefix": "10.100.0.0/22",
            "address_prefixes": [
              "10.100.0.0/22"
            ],
            "delegation": [],
            "enforce_private_link_endpoint_network_policies": false,
            "enforce_private_link_service_network_policies": false,
            "id": "/subscriptions/205eeadc-4811-4da1-8cc8-6f8cb198ed98/resourceGroups/aqny8-eastus-unreal-rg/providers/Microsoft.Network/virtualNetworks/aqny8-vnet-eastus/subnets/aqny8-subnet-eastus",
            "name": "aqny8-subnet-eastus",
            "resource_group_name": "aqny8-eastus-unreal-rg",
            "service_endpoint_policy_ids": null,
            "service_endpoints": null,
            "timeouts": null,
            "virtual_network_name": "aqny8-vnet-eastus"
          },
          "sensitive_attributes": [],
          "private": "eyJlMmJmYjczMC1lY2FhLTExZTYtOGY4OC0zNDM2M2JjN2M0YzAiOnsiY3JlYXRlIjoxODAwMDAwMDAwMDAwLCJkZWxldGUiOjE4MDAwMDAwMDAwMDAsInJlYWQiOjMwMDAwMDAwMDAwMCwidXBkYXRlIjoxODAwMDAwMDAwMDAwfX0=",
          "dependencies": [
            "module.region_deployment.azurerm_resource_group.region-rg",
            "module.region_deployment.azurerm_virtual_network.vnet",
            "module.region_deployment.data.azurerm_client_config.regional-current",
            "random_string.base_id"
          ]
        }
      ]
    },
    {
      "module": "module.region_deployment[\"eastus-unreal-rg\"]",
      "mode": "managed",
      "type": "azurerm_traffic_manager_endpoint",
      "name": "traffic_manager_endpoint",
      "provider": "provider[\"registry.terraform.io/hashicorp/azurerm\"]",
      "instances": [
        {
          "schema_version": 0,
          "attributes": {
            "custom_header": [],
            "endpoint_location": "East US",
            "endpoint_monitor_status": "CheckingEndpoint",
            "endpoint_status": "Enabled",
            "geo_mappings": null,
            "id": "/subscriptions/205eeadc-4811-4da1-8cc8-6f8cb198ed98/resourceGroups/aqny8-global-unreal-rg/providers/Microsoft.Network/trafficManagerProfiles/aqny8-trafficmgr/externalEndpoints/aqny8-trafficmgr-eastus",
            "min_child_endpoints": 0,
            "name": "aqny8-trafficmgr-eastus",
            "priority": 1,
            "profile_name": "aqny8-trafficmgr",
            "resource_group_name": "aqny8-global-unreal-rg",
            "subnet": [],
            "target": "mmvm-aqny8.eastus.cloudapp.azure.com",
            "target_resource_id": "",
            "timeouts": null,
            "type": "externalEndpoints",
            "weight": 1
          },
          "sensitive_attributes": [],
          "private": "eyJlMmJmYjczMC1lY2FhLTExZTYtOGY4OC0zNDM2M2JjN2M0YzAiOnsiY3JlYXRlIjoxODAwMDAwMDAwMDAwLCJkZWxldGUiOjE4MDAwMDAwMDAwMDAsInJlYWQiOjMwMDAwMDAwMDAwMCwidXBkYXRlIjoxODAwMDAwMDAwMDAwfX0=",
          "dependencies": [
            "azurerm_resource_group.rg_global",
            "azurerm_traffic_manager_profile.traffic_manager_profile",
            "data.azurerm_client_config.current",
            "module.region_deployment.azurerm_public_ip.pip",
            "module.region_deployment.azurerm_resource_group.region-rg",
            "module.region_deployment.data.azurerm_client_config.regional-current",
            "random_string.base_id"
          ]
        }
      ]
    },
    {
      "module": "module.region_deployment[\"eastus-unreal-rg\"]",
      "mode": "managed",
      "type": "azurerm_virtual_machine_extension",
      "name": "mmextension",
      "provider": "provider[\"registry.terraform.io/hashicorp/azurerm\"]",
      "instances": [
        {
          "schema_version": 0,
          "attributes": {
            "auto_upgrade_minor_version": false,
            "id": "/subscriptions/205eeadc-4811-4da1-8cc8-6f8cb198ed98/resourceGroups/aqny8-eastus-unreal-rg/providers/Microsoft.Compute/virtualMachines/mm-vm/extensions/MM-CS-Extension",
            "name": "MM-CS-Extension",
            "protected_settings": "  {\r\n    \"commandToExecute\": \"powershell -ExecutionPolicy Unrestricted -NoProfile -NonInteractive -command cp c:/AzureData/CustomData.bin c:/AzureData/install.ps1; c:/AzureData/install.ps1 -subscription_id 205eeadc-4811-4da1-8cc8-6f8cb198ed98 -resource_group_name aqny8-eastus-unreal-rg -vmss_name aqny8vmss -application_insights_key 4c51aaf7-057c-415a-8e3b-12e1b915d1b9 -gitpath https://github.com/corneel/Unreal-Pixel-Streaming -pat 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;\",\r\n    \"managedIdentity\" : { \"objectId\": \"16f28f33-51c9-4b7e-8f54-c89f27ed0336\" }\r\n  }\r\n",
            "publisher": "Microsoft.Compute",
            "settings": "",
            "tags": null,
            "timeouts": null,
            "type": "CustomScriptExtension",
            "type_handler_version": "1.10",
            "virtual_machine_id": "/subscriptions/205eeadc-4811-4da1-8cc8-6f8cb198ed98/resourceGroups/aqny8-eastus-unreal-rg/providers/Microsoft.Compute/virtualMachines/mm-vm"
          },
          "sensitive_attributes": [
            [
              {
                "type": "get_attr",
                "value": "protected_settings"
              }
            ]
          ],
          "private": "eyJlMmJmYjczMC1lY2FhLTExZTYtOGY4OC0zNDM2M2JjN2M0YzAiOnsiY3JlYXRlIjoxODAwMDAwMDAwMDAwLCJkZWxldGUiOjE4MDAwMDAwMDAwMDAsInJlYWQiOjMwMDAwMDAwMDAwMCwidXBkYXRlIjoxODAwMDAwMDAwMDAwfX0=",
          "dependencies": [
            "azurerm_application_insights.appI",
            "azurerm_resource_group.rg_global",
            "data.azurerm_client_config.current",
            "module.region_deployment.azurerm_network_interface.nic",
            "module.region_deployment.azurerm_public_ip.pip",
            "module.region_deployment.azurerm_resource_group.region-rg",
            "module.region_deployment.azurerm_role_assignment.role_assignment",
            "module.region_deployment.azurerm_subnet.subnet",
            "module.region_deployment.azurerm_virtual_network.vnet",
            "module.region_deployment.azurerm_windows_virtual_machine.vm",
            "module.region_deployment.data.azurerm_client_config.regional-current",
            "module.region_deployment.data.azurerm_subscription.primary",
            "random_string.base_id"
          ]
        }
      ]
    },
    {
      "module": "module.region_deployment[\"eastus-unreal-rg\"]",
      "mode": "managed",
      "type": "azurerm_virtual_machine_scale_set_extension",
      "name": "ue4extension",
      "provider": "provider[\"registry.terraform.io/hashicorp/azurerm\"]",
      "instances": [
        {
          "schema_version": 0,
          "attributes": {
            "auto_upgrade_minor_version": true,
            "force_update_tag": "",
            "id": "/subscriptions/205eeadc-4811-4da1-8cc8-6f8cb198ed98/resourceGroups/aqny8-eastus-unreal-rg/providers/Microsoft.Compute/virtualMachineScaleSets/aqny8vmss/extensions/BE-CS-Extension",
            "name": "BE-CS-Extension",
            "protected_settings": "  {\r\n    \"commandToExecute\": \"powershell -ExecutionPolicy Unrestricted -NoProfile -NonInteractive -command cp c:/AzureData/CustomData.bin c:/AzureData/install.ps1; c:/AzureData/install.ps1 -subscription_id 205eeadc-4811-4da1-8cc8-6f8cb198ed98 -resource_group_name aqny8-eastus-unreal-rg -vmss_name aqny8vmss -application_insights_key 4c51aaf7-057c-415a-8e3b-12e1b915d1b9 -mm_lb_fqdn mm-aqny8-local.fj2klqbhl2oeph0e30tosaf33g.bx.internal.cloudapp.net -instancesPerNode 1 -streamingPort 8888 -resolutionWidth 1920 -resolutionHeight 1080 -pixel_stream_application_name PixelStreamingDemo -fps -1 -gitpath https://github.com/corneel/Unreal-Pixel-Streaming -pat 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;\",\r\n    \"managedIdentity\" : { \"objectId\": \"ccc015e8-ab3d-4dc6-9e75-02afdb5ad062\" }\r\n  }\r\n",
            "provision_after_extensions": null,
            "publisher": "Microsoft.Compute",
            "settings": "",
            "timeouts": null,
            "type": "CustomScriptExtension",
            "type_handler_version": "1.10",
            "virtual_machine_scale_set_id": "/subscriptions/205eeadc-4811-4da1-8cc8-6f8cb198ed98/resourceGroups/aqny8-eastus-unreal-rg/providers/Microsoft.Compute/virtualMachineScaleSets/aqny8vmss"
          },
          "sensitive_attributes": [
            [
              {
                "type": "get_attr",
                "value": "protected_settings"
              }
            ]
          ],
          "private": "eyJlMmJmYjczMC1lY2FhLTExZTYtOGY4OC0zNDM2M2JjN2M0YzAiOnsiY3JlYXRlIjoxODAwMDAwMDAwMDAwLCJkZWxldGUiOjE4MDAwMDAwMDAwMDAsInJlYWQiOjMwMDAwMDAwMDAwMCwidXBkYXRlIjoxODAwMDAwMDAwMDAwfX0=",
          "dependencies": [
            "azurerm_application_insights.appI",
            "azurerm_resource_group.rg_global",
            "data.azurerm_client_config.current",
            "module.region_deployment.azurerm_network_interface.nic",
            "module.region_deployment.azurerm_network_security_group.backend-nsg",
            "module.region_deployment.azurerm_public_ip.pip",
            "module.region_deployment.azurerm_resource_group.region-rg",
            "module.region_deployment.azurerm_role_assignment.vmss_role_assignment",
            "module.region_deployment.azurerm_subnet.subnet",
            "module.region_deployment.azurerm_virtual_network.vnet",
            "module.region_deployment.azurerm_windows_virtual_machine_scale_set.vmss",
            "module.region_deployment.data.azurerm_client_config.regional-current",
            "module.region_deployment.data.azurerm_subscription.primary",
            "random_string.base_id"
          ]
        }
      ]
    },
    {
      "module": "module.region_deployment[\"eastus-unreal-rg\"]",
      "mode": "managed",
      "type": "azurerm_virtual_network",
      "name": "vnet",
      "provider": "provider[\"registry.terraform.io/hashicorp/azurerm\"]",
      "instances": [
        {
          "schema_version": 0,
          "attributes": {
            "address_space": [
              "10.100.0.0/16"
            ],
            "bgp_community": "",
            "ddos_protection_plan": [],
            "dns_servers": null,
            "guid": "c0a5782a-5f27-471c-9f44-eea6e900bdee",
            "id": "/subscriptions/205eeadc-4811-4da1-8cc8-6f8cb198ed98/resourceGroups/aqny8-eastus-unreal-rg/providers/Microsoft.Network/virtualNetworks/aqny8-vnet-eastus",
            "location": "eastus",
            "name": "aqny8-vnet-eastus",
            "resource_group_name": "aqny8-eastus-unreal-rg",
            "subnet": [],
            "tags": null,
            "timeouts": null,
            "vm_protection_enabled": false
          },
          "sensitive_attributes": [],
          "private": "eyJlMmJmYjczMC1lY2FhLTExZTYtOGY4OC0zNDM2M2JjN2M0YzAiOnsiY3JlYXRlIjoxODAwMDAwMDAwMDAwLCJkZWxldGUiOjE4MDAwMDAwMDAwMDAsInJlYWQiOjMwMDAwMDAwMDAwMCwidXBkYXRlIjoxODAwMDAwMDAwMDAwfX0=",
          "dependencies": [
            "module.region_deployment.azurerm_resource_group.region-rg",
            "module.region_deployment.data.azurerm_client_config.regional-current",
            "random_string.base_id"
          ]
        }
      ]
    },
    {
      "module": "module.region_deployment[\"eastus-unreal-rg\"]",
      "mode": "managed",
      "type": "azurerm_windows_virtual_machine",
      "name": "vm",
      "provider": "provider[\"registry.terraform.io/hashicorp/azurerm\"]",
      "instances": [
        {
          "schema_version": 0,
          "attributes": {
            "additional_capabilities": [],
            "additional_unattend_content": [],
            "admin_password": "Corneel1234!",
            "admin_username": "azureadmin",
            "allow_extension_operations": true,
            "availability_set_id": "",
            "boot_diagnostics": [],
            "computer_name": "mm-vm",
            "custom_data": "IyBDb3B5cmlnaHQgKGMpIE1pY3Jvc29mdCBDb3Jwb3JhdGlvbi4NCiMgTGljZW5zZWQgdW5kZXIgdGhlIE1JVCBsaWNlbnNlLg0KUGFyYW0gKA0KICBbUGFyYW1ldGVyKE1hbmRhdG9yeSA9ICRUcnVlLCBIZWxwTWVzc2FnZSA9ICJzdWJzY3JpcHRpb24gaWQgZnJvbSB0ZXJyYWZvcm0iKV0NCiAgW1N0cmluZ10kc3Vic2NyaXB0aW9uX2lkID0gIiIsDQogIFtQYXJhbWV0ZXIoTWFuZGF0b3J5ID0gJFRydWUsIEhlbHBNZXNzYWdlID0gInJlc291cmNlIGdyb3VwIG5hbWUiKV0NCiAgW1N0cmluZ10kcmVzb3VyY2VfZ3JvdXBfbmFtZSA9ICIiLA0KICBbUGFyYW1ldGVyKE1hbmRhdG9yeSA9ICRUcnVlLCBIZWxwTWVzc2FnZSA9ICJ2bXNzIG5hbWUiKV0NCiAgW1N0cmluZ10kdm1zc19uYW1lID0gIiIsDQogIFtQYXJhbWV0ZXIoTWFuZGF0b3J5ID0gJFRydWUsIEhlbHBNZXNzYWdlID0gImFwcGxpY2F0aW9uIGluc2lnaHRzIGtleSIpXQ0KICBbU3RyaW5nXSRhcHBsaWNhdGlvbl9pbnNpZ2h0c19rZXkgPSAiIiwNCiAgW1BhcmFtZXRlcihNYW5kYXRvcnkgPSAkVHJ1ZSwgSGVscE1lc3NhZ2UgPSAiZ2l0IHBhdGgiKV0NCiAgW1N0cmluZ10kZ2l0cGF0aCA9ICIiLA0KICBbUGFyYW1ldGVyKE1hbmRhdG9yeSA9ICRGYWxzZSwgSGVscE1lc3NhZ2UgPSAiZ2l0aHViIGFjY2VzcyB0b2tlbiIpXQ0KICBbU3RyaW5nXSRwYXQgPSAiIg0KKQ0KDQokU3RhcnRUaW1lID0gR2V0LURhdGUNCg0KIyMjIyMjIyMjIyMjIyMjIyMjIyMjIyMjIyMjIyMjIyMjIyMjIyMjIyMjIyMjIyMjIyMjIyMjIyMjIyMjIyMjIyMjIyMjIyMjIyMjIyMjIyMjIyMjIyMjIyMjIyMjIyMjIyMjIyMNCiNiYXNlIHZhcmlhYmxlcw0KIyMjIyMjIyMjIyMjIyMjIyMjIyMjIyMjIyMjIyMjIyMjIyMjIyMjIyMjIyMjIyMjIyMjIyMjIyMjIyMjIyMjIyMjIyMjIyMjIyMjIyMjIyMjIyMjIyMjIyMjIyMjIyMjIyMjIyMNCiRsb2dzZm9sZGVyID0gImM6XGdhbWluZ1xsb2dzIg0KJGxvZ291dHB1dCA9ICRsb2dzZm9sZGVyICsgJ1x1ZTQtc2V0dXBNTS1vdXRwdXQtJyArIChnZXQtZGF0ZSkuVG9TdHJpbmcoJ01NZGR5eWhobW1zcycpICsgJy50eHQnDQokZm9sZGVyID0gImM6XFVucmVhbFwiDQoNCiRmb2xkZXJOb1RyYWlsID0gJGZvbGRlcg0KaWYgKCRmb2xkZXJOb1RyYWlsLkVuZHNXaXRoKCJcIikpIHsNCiAgJGwgPSAkZm9sZGVyTm9UcmFpbC5MZW5ndGggLSAxDQogICRmb2xkZXJOb1RyYWlsID0gJGZvbGRlck5vVHJhaWwuU3Vic3RyaW5nKDAsICRsKQ0KfQ0KDQokbW1TZXJ2aWNlRm9sZGVyID0gIiRmb2xkZXJOb1RyYWlsXEVuZ2luZVxTb3VyY2VcUHJvZ3JhbXNcUGl4ZWxTdHJlYW1pbmdcV2ViU2VydmVyc1xNYXRjaG1ha2VyIg0KJG1tQ2VydEZvbGRlciA9ICRtbVNlcnZpY2VGb2xkZXIgKyAiXENlcnRpZmljYXRlcyINCiRleGVjdXRpb25maWxlcGF0aCA9ICIkZm9sZGVyTm9UcmFpbFxzY3JpcHRzXHN0YXJ0TU1TLnBzMSINCiRkZXBsb3ltZW50TG9jYXRpb24gPSAkcmVzb3VyY2VfZ3JvdXBfbmFtZS5TcGxpdCgnLScpWzFdDQoNCiRiYXNlX25hbWUgPSAkcmVzb3VyY2VfZ3JvdXBfbmFtZS5TdWJzdHJpbmcoMCwgJHJlc291cmNlX2dyb3VwX25hbWUuSW5kZXhPZigiLSIpKQ0KJGFrdiA9ICJha3YtIiArICRiYXNlX25hbWUgKyAiLWVhc3R1cyINCg0KI2hhbmRsZSBpZiBhIFBlcnNvbmFsIEFjY2VzcyBUb2tlbiBpcyBiZWluZyBwYXNzZWQNCiMkQjY0UGF0ID0gW0NvbnZlcnRdOjpUb0Jhc2U2NFN0cmluZyhbU3lzdGVtLlRleHQuRW5jb2RpbmddOjpVVEY4LkdldEJ5dGVzKCIkcGF0IikpDQppZiAoJHBhdC5MZW5ndGggLWd0IDApIHsNCiAgI2hhbmRsZSBpZiBhIFBBVCB3YXMgcGFzc2VkIGFuZCB1c2UgdGhhdCBpbiB0aGUgdXJsDQogICRuZXdwcmVmaXggPSAiaHR0cHM6Ly8kcGF0QCINCiAgJGdpdHBhdGggPSAkZ2l0cGF0aCAtcmVwbGFjZSAiaHR0cHM6Ly8iLCAkbmV3cHJlZml4ICANCn0NCiMjIyMjIyMjIyMjIyMjIyMjIyMjIyMjIyMjIyMjIyMjIyMjIyMjIyMjIyMjIyMjIyMjIyMjIyMjIyMjIyMjIyMjIyMjIyMjIyMjIyMjIyMjIyMjIyMjIyMjIyMjIyMjIyMjIyMjDQoNCltTeXN0ZW0uTmV0LlNlcnZpY2VQb2ludE1hbmFnZXJdOjpTZWN1cml0eVByb3RvY29sID0gW1N5c3RlbS5OZXQuU2VjdXJpdHlQcm90b2NvbFR5cGVdOjpUbHMxMjsNClNldC1FeGVjdXRpb25Qb2xpY3kgQnlwYXNzIC1TY29wZSBQcm9jZXNzIC1Gb3JjZQ0KDQpOZXctSXRlbSAtUGF0aCAkbG9nc2ZvbGRlciAtSXRlbVR5cGUgZGlyZWN0b3J5IC1Gb3JjZQ0KZnVuY3Rpb24gbG9nbWVzc2FnZSgpIHsNCiAgJGxvZ21lc3NhZ2UgPSAkYXJnc1swXSAgICANCiAgJE1lc3NhZ2VUaW1lID0gR2V0LURhdGUgLUZvcm1hdCAiW01NL2RkL3l5eXkgSEg6bW06c3NdIg0KDQogICRvdXRwdXQgPSAiJE1lc3NhZ2VUaW1lIC0gJGxvZ21lc3NhZ2UiDQogIEFkZC1Db250ZW50IC1QYXRoICRsb2dvdXRwdXQgLVZhbHVlICRvdXRwdXQNCn0NCg0KbG9nbWVzc2FnZSAiU3RhcnRpbmcgQkUgU2V0dXAgYXQ6JFN0YXJ0VGltZSINCmxvZ21lc3NhZ2UgIkRpc2FibGluZyBXaW5kb3dzIEZpcmV3YWxscyBzdGFydGVkIg0KTmV3LU5ldEZpcmV3YWxsUnVsZSAtRGlzcGxheU5hbWUgJ01hdGNobWFrZXItSUItODAnIC1EaXJlY3Rpb24gSW5ib3VuZCAtQWN0aW9uIEFsbG93IC1Qcm90b2NvbCBUQ1AgLUxvY2FsUG9ydCA4MA0KTmV3LU5ldEZpcmV3YWxsUnVsZSAtRGlzcGxheU5hbWUgJ01hdGNobWFrZXItSUItOTAnIC1EaXJlY3Rpb24gSW5ib3VuZCAtQWN0aW9uIEFsbG93IC1Qcm90b2NvbCBUQ1AgLUxvY2FsUG9ydCA5MA0KTmV3LU5ldEZpcmV3YWxsUnVsZSAtRGlzcGxheU5hbWUgJ01hdGNobWFrZXItSUItOTk5OScgLURpcmVjdGlvbiBJbmJvdW5kIC1BY3Rpb24gQWxsb3cgLVByb3RvY29sIFRDUCAtTG9jYWxQb3J0IDk5OTkNCk5ldy1OZXRGaXJld2FsbFJ1bGUgLURpc3BsYXlOYW1lICdNYXRjaG1ha2VyLUlCLTQ0MycgLURpcmVjdGlvbiBJbmJvdW5kIC1BY3Rpb24gQWxsb3cgLVByb3RvY29sIFRDUCAtTG9jYWxQb3J0IDQ0Mw0KDQpOZXctTmV0RmlyZXdhbGxSdWxlIC1EaXNwbGF5TmFtZSAnTWF0Y2htYWtlci1PQi04MCcgLURpcmVjdGlvbiBPdXRib3VuZCAtQWN0aW9uIEFsbG93IC1Qcm90b2NvbCBUQ1AgLUxvY2FsUG9ydCA4MA0KTmV3LU5ldEZpcmV3YWxsUnVsZSAtRGlzcGxheU5hbWUgJ01hdGNobWFrZXItT0ItMTkzMDInIC1EaXJlY3Rpb24gT3V0Ym91bmQgLUFjdGlvbiBBbGxvdyAtUHJvdG9jb2wgVENQIC1Mb2NhbFBvcnQgMTkzMDINCk5ldy1OZXRGaXJld2FsbFJ1bGUgLURpc3BsYXlOYW1lICdNYXRjaG1ha2VyLU9CLTE5MzAzJyAtRGlyZWN0aW9uIE91dGJvdW5kIC1BY3Rpb24gQWxsb3cgLVByb3RvY29sIFRDUCAtTG9jYWxQb3J0IDE5MzAzDQpOZXctTmV0RmlyZXdhbGxSdWxlIC1EaXNwbGF5TmFtZSAnTWF0Y2htYWtlci1PQi00NDMnIC1EaXJlY3Rpb24gT3V0Ym91bmQgLUFjdGlvbiBBbGxvdyAtUHJvdG9jb2wgVENQIC1Mb2NhbFBvcnQgNDQzDQpsb2dtZXNzYWdlICJEaXNhYmxpbmcgV2luZG93cyBGaXJld2FsbHMgY29tcGxldGUiDQoNCiNnaXQgYW5kIGdpdC1sZnMgaXMgb24gdGhlIGltYWdlIGFscmVhZHkNCltyZWZsZWN0aW9uLmFzc2VtYmx5XTo6TG9hZFdpdGhQYXJ0aWFsTmFtZSgiU3lzdGVtLkRpcmVjdG9yeVNlcnZpY2VzLkFjY291bnRNYW5hZ2VtZW50IikNCiR3aG9hbWkgPSBbU3lzdGVtLkRpcmVjdG9yeVNlcnZpY2VzLkFjY291bnRNYW5hZ2VtZW50LlVzZXJQcmluY2lwYWxdOjpDdXJyZW50DQpsb2dtZXNzYWdlICJDdXJyZW50IENvbnRleHQ6ICR3aG9hbWkiDQoNCmxvZ21lc3NhZ2UgIkNyZWF0aW5nOiAkZm9sZGVyIg0KTmV3LUl0ZW0gLVBhdGggJGZvbGRlciAtSXRlbVR5cGUgZGlyZWN0b3J5DQoNCmxvZ21lc3NhZ2UgIkNsb25pbmcgY29kZSBwcm9jZXNzIGZyb20gR2l0IFN0YXJ0Ig0KaWYgKCAoR2V0LUNoaWxkSXRlbSAkZm9sZGVyTm9UcmFpbCB8IE1lYXN1cmUtT2JqZWN0KS5Db3VudCAtZXEgMCkgew0KICB0cnkgew0KICAgIGxvZ21lc3NhZ2UgIlNldCBQYXRoIHRvOiAkZm9sZGVyIg0KICAgIFNldC1Mb2NhdGlvbiAtUGF0aCAkZm9sZGVyIA0KDQogICAgbG9nbWVzc2FnZSAiR2l0IExGUyBJbnN0YWxsIg0KICAgIGdpdCBsZnMgaW5zdGFsbA0KICAgIFN0YXJ0LVNsZWVwIDEwDQoNCiAgICBsb2dtZXNzYWdlICJHaXQgQ2xvbmUgU3RhcnQiDQogICAgZ2l0IGNsb25lIC0tZGVwdGggMSAkZ2l0cGF0aCAkZm9sZGVyTm9UcmFpbCAtLXENCiAgICBsb2dtZXNzYWdlICJHaXQgQ2xvbmUgQ29tcGxldGUiDQoNCiAgICBsb2dtZXNzYWdlICJHaXQgY2xvbmluZyBwcm9jZXNzIENvbXBsZXRlIg0KICB9DQogIGNhdGNoIHsNCiAgICBsb2dtZXNzYWdlICRfLkV4Y2VwdGlvbi5NZXNzYWdlDQogICAgYnJlYWsNCiAgfQ0KICBmaW5hbGx5IHsNCiAgICAkZXJyb3IuY2xlYXIoKQ0KICB9DQp9IA0KZWxzZSB7IA0KICBsb2dtZXNzYWdlICJVbnJlYWwgRm9sZGVyIHdhcyBub3QgRW1wdHkuIEFCT1JUSU5HLiINCiAgYnJlYWsNCn0NCg0KI3B1dCBhIGNoZWNrIGhlcmUgaWYgdGhlIGNsb25lIGFjdHVhbGx5IG9jY3VycmVkLCBpZiBub3QgYnJlYWsNCnRyeSB7DQogIFNldC1Mb2NhdGlvbiAtUGF0aCAkbW1TZXJ2aWNlRm9sZGVyIA0KfQ0KY2F0Y2ggew0KICBsb2dtZXNzYWdlICRfLkV4Y2VwdGlvbi5NZXNzYWdlDQogIGJyZWFrDQp9DQpmaW5hbGx5IHsNCiAgJGVycm9yLmNsZWFyKCkNCn0NCg0KbG9nbWVzc2FnZSAiQ3VycmVudCBmb2xkZXI6ICRtbVNlcnZpY2VGb2xkZXIiDQoNCmxvZ21lc3NhZ2UgJHN1YnNjcmlwdGlvbl9pZA0KbG9nbWVzc2FnZSAkcmVzb3VyY2VfZ3JvdXBfbmFtZQ0KbG9nbWVzc2FnZSAkdm1zc19uYW1lDQpsb2dtZXNzYWdlICRhcHBsaWNhdGlvbl9pbnNpZ2h0c19rZXkNCg0KJG1tQ29uZmlnSnNvbiA9IChHZXQtQ29udGVudCAgImNvbmZpZy5qc29uIiAtUmF3KSB8IENvbnZlcnRGcm9tLUpzb24NCmxvZ21lc3NhZ2UgIkNvbmZpZyBqc29uIGJlZm9yZSB1cGRhdGUgOiAkbW1Db25maWdKc29uIg0KDQokbW1Db25maWdKc29uLnJlc291cmNlR3JvdXAgPSAkcmVzb3VyY2VfZ3JvdXBfbmFtZQ0KJG1tQ29uZmlnSnNvbi5zdWJzY3JpcHRpb25JZCA9ICRzdWJzY3JpcHRpb25faWQNCiRtbUNvbmZpZ0pzb24udmlydHVhbE1hY2hpbmVTY2FsZVNldCA9ICR2bXNzX25hbWUNCiRtbUNvbmZpZ0pzb24uYXBwSW5zaWdodHNJbnN0cnVtZW50YXRpb25LZXkgPSAkYXBwbGljYXRpb25faW5zaWdodHNfa2V5DQokbW1Db25maWdKc29uLnJlZ2lvbiA9ICRkZXBsb3ltZW50TG9jYXRpb24NCg0KJG1tQ29uZmlnSnNvbiB8IENvbnZlcnRUby1Kc29uIHwgc2V0LWNvbnRlbnQgImNvbmZpZy5qc29uIg0KDQojIFJlYWRpbmcgYWdhaW4gdG8gY29uZmlybSB0aGUgdXBkYXRlDQokbW1Db25maWdKc29uID0gKEdldC1Db250ZW50ICAiY29uZmlnLmpzb24iIC1SYXcpIHwgQ29udmVydEZyb20tSnNvbg0KbG9nbWVzc2FnZSAiV3JpdGluZyBwYXJhbWV0ZXJzIGZyb20gZXh0ZW5zaW9uIGNvbXBsZXRlLiIgDQpsb2dtZXNzYWdlICJVcGRhdGVkIGNvbmZpZyA6ICRtbUNvbmZpZ0pzb24iDQoNCiNjcmVhdGUgdGhlIGNlcnRpZmljYXRlcyBmb2xkZXINCiRtbUNlcnRGb2xkZXIgPSAkbW1TZXJ2aWNlRm9sZGVyICsgIlxjZXJ0aWZpY2F0ZXMiDQoNCmlmICgtbm90IChUZXN0LVBhdGggLUxpdGVyYWxQYXRoICRtbUNlcnRGb2xkZXIpKSB7DQogICRmc28gPSBuZXctb2JqZWN0IC1Db21PYmplY3Qgc2NyaXB0aW5nLmZpbGVzeXN0ZW1vYmplY3QNCiAgJGZzby5DcmVhdGVGb2xkZXIoJG1tQ2VydEZvbGRlcikNCn0NCmVsc2Ugew0KICBsb2dtZXNzYWdlICJQYXRoIGFscmVhZHkgZXhpc3RzOiAkbW1DZXJ0Rm9sZGVyIg0KfQ0KDQojc2V0IHRoZSBwYXRoIHRvIHRoZSBjZXJ0aWZpY2F0ZXMgZm9sZGVyDQpTZXQtTG9jYXRpb24gLVBhdGggJG1tQ2VydEZvbGRlciANCg0KbG9nbWVzc2FnZSAiU3RhcnRpbmcgQ2VydGlmaWNhdGUgUHJvY2VzcyINCg0KbG9nbWVzc2FnZSAiQXogTG9naW4iDQpheiBsb2dpbiAtLWlkZW50aXR5DQpsb2dtZXNzYWdlICJBeiBTZXQgU3Vic2NyaXB0aW9uIg0KYXogYWNjb3VudCBzZXQgLS1zdWJzY3JpcHRpb24gJHN1YnNjcmlwdGlvbl9pZA0KbG9nbWVzc2FnZSAiQUtWOiAkYWt2Ig0KDQpbcmVmbGVjdGlvbi5hc3NlbWJseV06OkxvYWRXaXRoUGFydGlhbE5hbWUoIlN5c3RlbS5EaXJlY3RvcnlTZXJ2aWNlcy5BY2NvdW50TWFuYWdlbWVudCIpDQokd2hvYW1pID0gW1N5c3RlbS5EaXJlY3RvcnlTZXJ2aWNlcy5BY2NvdW50TWFuYWdlbWVudC5Vc2VyUHJpbmNpcGFsXTo6Q3VycmVudA0KbG9nbWVzc2FnZSAiQ3VycmVudCBDb250ZXh0OiAkd2hvYW1pIg0KDQojY2hlY2sgdG8gc2VlIGlmIHRoZSBrZXkgZXhpc3RzPw0KJGFrdmNlcnQgPSAoYXoga2V5dmF1bHQgY2VydGlmaWNhdGUgbGlzdC12ZXJzaW9ucyAtLXZhdWx0LW5hbWUgJGFrdiAtbiAidW5yZWFscGl4ZWxzdHJlYW1pbmciIC0tcXVlcnkgIltdLntOYW1lOm5hbWV9IiAtbyB0YWJsZSkuQ291bnQNCg0KI2Rvd25sb2FkIHRoZSBjZXJ0IHRvIHRoZSBmb2xkZXIgKDEgbWVhbnMgdGhlcmUgaXMgbm8gY2VydCwgMyBvciBtb3JlIGluZGljYXRlcyB0aGUgc3BlY2lmaWMgY2VydCB3YXMgZm91bmQpDQppZiAoJGFrdmNlcnQgLWd0IDEpIHsNCiAgdHJ5IHsNCiAgICBsb2dtZXNzYWdlICJTdGFydGluZyBEb3dubG9hZGluZyBvZiBjZXJ0cyINCiAgICAjIyMgZW5kIHByb2Nlc3MgdG8gZG93bmxvYWQgY2VydHMNCg0KICAgIGF6IGtleXZhdWx0IGNlcnRpZmljYXRlIGRvd25sb2FkIC0tdmF1bHQtbmFtZSAkYWt2IC1uICJ1bnJlYWxwaXhlbHN0cmVhbWluZyIgLWYgY2xpZW50LWNlcnQucGVtDQoNCiAgICBsb2dtZXNzYWdlICJDZXJ0aWZpY2F0ZXMgRG93bmxvYWQgU3VjY2VlZGVkIg0KICB9DQogIGNhdGNoIHsNCiAgICBsb2dtZXNzYWdlICJDZXJ0aWZpY2F0ZXMgRG93bmxvYWQgRmFpbGVkIg0KICB9DQp9DQplbHNlIHsNCiAgbG9nbWVzc2FnZSAiQ2VydGlmaWNhdGUgZG9lcyBub3QgZXhpc3QiDQp9DQoNCmxvZ21lc3NhZ2UgIkNyZWF0aW5nIGEgam9iIHNjaGVkdWxlICINCg0KJHRyaWdnZXIgPSBOZXctSm9iVHJpZ2dlciAtQXRTdGFydHVwIC1SYW5kb21EZWxheSAwMDowMDoxMA0KdHJ5IHsNCiAgJFVzZXIgPSAiTlQgQVVUSE9SSVRZXFNZU1RFTSINCiAgJFBTID0gTmV3LVNjaGVkdWxlZFRhc2tBY3Rpb24gLUV4ZWN1dGUgInBvd2Vyc2hlbGwuZXhlIiAtQXJndW1lbnQgIi1leGVjdXRpb25wb2xpY3kgYnlwYXNzIC1ub3Byb2ZpbGUgLWZpbGUgJGV4ZWN1dGlvbmZpbGVwYXRoIg0KICBSZWdpc3Rlci1TY2hlZHVsZWRUYXNrIC1UcmlnZ2VyICR0cmlnZ2VyIC1Vc2VyICRVc2VyIC1UYXNrTmFtZSAiU3RhcnRNTVMiIC1BY3Rpb24gJFBTIC1SdW5MZXZlbCBIaWdoZXN0IC1Gb3JjZSANCn0NCmNhdGNoIHsNCiAgbG9nbWVzc2FnZSAiRXhjZXB0aW9uOiAiICsgJF8uRXhjZXB0aW9uDQp9DQpmaW5hbGx5IHsNCiAgJGVycm9yLmNsZWFyKCkgICAgDQp9DQoNCmxvZ21lc3NhZ2UgIkNyZWF0aW5nIGEgam9iIHNjaGVkdWxlIGNvbXBsZXRlIg0KbG9nbWVzc2FnZSAiU3RhcnRpbmcgdGhlIE1NUyBQcm9jZXNzICINCg0KI2ludm9rZSB0aGUgc2NyaXB0IHRvIHN0YXJ0IGl0IHRoaXMgdGltZQ0KI0ludm9rZS1FeHByZXNzaW9uIC1Db21tYW5kICRleGVjdXRpb25maWxlcGF0aA0KU3RhcnQtU2NoZWR1bGVkVGFzayAtVGFza05hbWUgIlN0YXJ0TU1TIiAtQXNKb2INCg0KJEVuZFRpbWUgPSBHZXQtRGF0ZQ0KbG9nbWVzc2FnZSAiQ29tcGxldGVkIGF0OiRFbmRUaW1lIg==",
            "dedicated_host_id": "",
            "enable_automatic_updates": true,
            "encryption_at_host_enabled": false,
            "eviction_policy": "",
            "extensions_time_budget": "PT1H30M",
            "id": "/subscriptions/205eeadc-4811-4da1-8cc8-6f8cb198ed98/resourceGroups/aqny8-eastus-unreal-rg/providers/Microsoft.Compute/virtualMachines/mm-vm",
            "identity": [
              {
                "identity_ids": null,
                "principal_id": "16f28f33-51c9-4b7e-8f54-c89f27ed0336",
                "tenant_id": "3fe1fd7b-ad10-4534-8d60-7f1a178f2ae4",
                "type": "SystemAssigned"
              }
            ],
            "license_type": "",
            "location": "eastus",
            "max_bid_price": -1,
            "name": "mm-vm",
            "network_interface_ids": [
              "/subscriptions/205eeadc-4811-4da1-8cc8-6f8cb198ed98/resourceGroups/aqny8-eastus-unreal-rg/providers/Microsoft.Network/networkInterfaces/mm-nic-eastus"
            ],
            "os_disk": [
              {
                "caching": "ReadWrite",
                "diff_disk_settings": [],
                "disk_encryption_set_id": "",
                "disk_size_gb": 127,
                "name": "mm-vm_OsDisk_1_8b1a98d9b1694d1ca04894b982022490",
                "storage_account_type": "Standard_LRS",
                "write_accelerator_enabled": false
              }
            ],
            "patch_mode": "AutomaticByOS",
            "plan": [],
            "priority": "Regular",
            "private_ip_address": "10.100.0.4",
            "private_ip_addresses": [
              "10.100.0.4"
            ],
            "provision_vm_agent": true,
            "proximity_placement_group_id": "",
            "public_ip_address": "20.83.128.186",
            "public_ip_addresses": [
              "20.83.128.186"
            ],
            "resource_group_name": "aqny8-eastus-unreal-rg",
            "secret": [],
            "size": "Standard_F4s_v2",
            "source_image_id": "",
            "source_image_reference": [
              {
                "offer": "msftpixelstreaming",
                "publisher": "microsoft-agci-gaming",
                "sku": "nvidia",
                "version": "latest"
              }
            ],
            "tags": {
              "solution": "Unreal Pixel Streaming TF"
            },
            "timeouts": null,
            "timezone": "",
            "virtual_machine_id": "6eb15f59-2b84-4d6a-adfe-f8ee76226ff9",
            "virtual_machine_scale_set_id": "",
            "winrm_listener": [],
            "zone": ""
          },
          "sensitive_attributes": [],
          "private": "eyJlMmJmYjczMC1lY2FhLTExZTYtOGY4OC0zNDM2M2JjN2M0YzAiOnsiY3JlYXRlIjoyNzAwMDAwMDAwMDAwLCJkZWxldGUiOjI3MDAwMDAwMDAwMDAsInJlYWQiOjMwMDAwMDAwMDAwMCwidXBkYXRlIjoyNzAwMDAwMDAwMDAwfX0=",
          "dependencies": [
            "module.region_deployment.azurerm_network_interface.nic",
            "module.region_deployment.azurerm_public_ip.pip",
            "module.region_deployment.azurerm_resource_group.region-rg",
            "module.region_deployment.azurerm_subnet.subnet",
            "module.region_deployment.azurerm_virtual_network.vnet",
            "module.region_deployment.data.azurerm_client_config.regional-current",
            "random_string.base_id"
          ]
        }
      ]
    },
    {
      "module": "module.region_deployment[\"eastus-unreal-rg\"]",
      "mode": "managed",
      "type": "azurerm_windows_virtual_machine_scale_set",
      "name": "vmss",
      "provider": "provider[\"registry.terraform.io/hashicorp/azurerm\"]",
      "instances": [
        {
          "schema_version": 0,
          "attributes": {
            "additional_capabilities": [],
            "additional_unattend_content": [],
            "admin_password": "Corneel1234!",
            "admin_username": "azureadmin",
            "automatic_instance_repair": [
              {
                "enabled": false,
                "grace_period": "PT30M"
              }
            ],
            "automatic_os_upgrade_policy": [],
            "boot_diagnostics": [],
            "computer_name_prefix": "aqny8vmss",
            "custom_data": "I0NvcHlyaWdodCAoYykgTWljcm9zb2Z0IENvcnBvcmF0aW9uLg0KIyBMaWNlbnNlZCB1bmRlciB0aGUgTUlUIGxpY2Vuc2UuDQpQYXJhbSAoDQogIFtQYXJhbWV0ZXIoTWFuZGF0b3J5ID0gJFRydWUsIEhlbHBNZXNzYWdlID0gInN1YnNjcmlwdGlvbiBpZCBmcm9tIHRlcnJhZm9ybSIpXQ0KICBbU3RyaW5nXSRzdWJzY3JpcHRpb25faWQgPSAiIiwNCiAgW1BhcmFtZXRlcihNYW5kYXRvcnkgPSAkVHJ1ZSwgSGVscE1lc3NhZ2UgPSAicmVzb3VyY2UgZ3JvdXAgbmFtZSIpXQ0KICBbU3RyaW5nXSRyZXNvdXJjZV9ncm91cF9uYW1lID0gIiIsDQogIFtQYXJhbWV0ZXIoTWFuZGF0b3J5ID0gJFRydWUsIEhlbHBNZXNzYWdlID0gInZtc3MgbmFtZSIpXQ0KICBbU3RyaW5nXSR2bXNzX25hbWUgPSAiIiwgIA0KICBbUGFyYW1ldGVyKE1hbmRhdG9yeSA9ICRUcnVlLCBIZWxwTWVzc2FnZSA9ICJhcHBsaWNhdGlvbiBpbnNpZ2h0cyBrZXkiKV0NCiAgW1N0cmluZ10kYXBwbGljYXRpb25faW5zaWdodHNfa2V5ID0gIiIsDQogIFtQYXJhbWV0ZXIoTWFuZGF0b3J5ID0gJFRydWUsIEhlbHBNZXNzYWdlID0gIm1hdGNobWFrZXIgbG9hZCBiYWxhbmNlciBmcWRuIildDQogIFtTdHJpbmddJG1tX2xiX2ZxZG4gPSAiIiwNCiAgW1BhcmFtZXRlcihNYW5kYXRvcnkgPSAkZmFsc2UsIEhlbHBNZXNzYWdlID0gIkRlc2lyZWQgaW5zdGFuY2VzIG9mIDNEIGFwcHMgcnVubmluZyBwZXIgVk0sIGRlZmF1bHQgMSIpXQ0KICBbaW50XSAkaW5zdGFuY2VzUGVyTm9kZSA9IDEsDQogIFtQYXJhbWV0ZXIoTWFuZGF0b3J5ID0gJGZhbHNlLCBIZWxwTWVzc2FnZSA9ICJUaGUgc3RyZWFtaW5nIHBvcnQgc3RhcnQgZm9yIG11bHRpcGxlIGluc3RhbmNlcywgZGVmYXVsdCA4ODg4IildDQogIFtpbnRdICRzdHJlYW1pbmdQb3J0ID0gODg4OCwNCiAgW1BhcmFtZXRlcihNYW5kYXRvcnkgPSAkZmFsc2UsIEhlbHBNZXNzYWdlID0gIlRoZSByZXNvbHV0aW9uIHdpZHRoIG9mIHRoZSAzRCBhcHAsIGRlZmF1bHQgMTkyMCIpXQ0KICBbaW50XSAkcmVzb2x1dGlvbldpZHRoID0gMTkyMCwNCiAgW1BhcmFtZXRlcihNYW5kYXRvcnkgPSAkZmFsc2UsIEhlbHBNZXNzYWdlID0gIlRoZSByZXNvbHV0aW9uIGhlaWdodCBvZiB0aGUgM0QgYXBwLCBkZWZhdWx0IDEwODAiKV0NCiAgW2ludF0gJHJlc29sdXRpb25IZWlnaHQgPSAxMDgwLA0KICBbUGFyYW1ldGVyKE1hbmRhdG9yeSA9ICRmYWxzZSwgSGVscE1lc3NhZ2UgPSAiVGhlIG5hbWUgb2YgdGhlIDNEIGFwcCwgZGVmYXVsdCBQaXhlbFN0cmVhbWluZ0RlbW8iKV0NCiAgW3N0cmluZ10gJHBpeGVsX3N0cmVhbV9hcHBsaWNhdGlvbl9uYW1lID0gIlBpeGVsU3RyZWFtaW5nRGVtbyIsDQogIFtQYXJhbWV0ZXIoTWFuZGF0b3J5ID0gJGZhbHNlLCBIZWxwTWVzc2FnZSA9ICJUaGUgZnJhbWVzIHBlciBzZWNvbmQgb2YgdGhlIDNEIGFwcCwgZGVmYXVsdCAtMSB3aGljaCByZXZlcnRzIHRvIGRlZmF1bHQgYmVoYXZpb3Igb2YgVUUiKV0NCiAgW2ludF0gJGZwcyA9IC0xLA0KICBbUGFyYW1ldGVyKE1hbmRhdG9yeSA9ICRUcnVlLCBIZWxwTWVzc2FnZSA9ICJnaXQgcGF0aCIpXQ0KICBbU3RyaW5nXSRnaXRwYXRoID0gIiIsDQogIFtQYXJhbWV0ZXIoTWFuZGF0b3J5ID0gJEZhbHNlLCBIZWxwTWVzc2FnZSA9ICJnaXRodWIgYWNjZXNzIHRva2VuIildDQogIFtTdHJpbmddJHBhdCA9ICIiDQopDQoNCiRTdGFydFRpbWUgPSBHZXQtRGF0ZQ0KDQojIyMjIyMjIyMjIyMjIyMjIyMjIyMjIyMjIyMjIyMjIyMjIyMjIyMjIyMjIyMjIyMjIyMjIyMjIyMjIyMjIyMjIyMjIyMjIyMjIyMjIyMjIyMjIyMjIyMjIyMjIyMjIyMjIyMjIw0KI2Jhc2UgdmFyaWFibGVzDQojIyMjIyMjIyMjIyMjIyMjIyMjIyMjIyMjIyMjIyMjIyMjIyMjIyMjIyMjIyMjIyMjIyMjIyMjIyMjIyMjIyMjIyMjIyMjIyMjIyMjIyMjIyMjIyMjIyMjIyMjIyMjIyMjIyMjIw0KJGxvZ3Nmb2xkZXIgPSAiYzpcZ2FtaW5nXGxvZ3MiDQokbG9nb3V0cHV0ID0gJGxvZ3Nmb2xkZXIgKyAnXHVlNC1zZXR1cFZNU1Mtb3V0cHV0LScgKyAoZ2V0LWRhdGUpLlRvU3RyaW5nKCdNTWRkeXloaG1tc3MnKSArICcudHh0Jw0KJGZvbGRlciA9ICJjOlxVbnJlYWxcIg0KDQokZm9sZGVyTm9UcmFpbCA9ICRmb2xkZXINCmlmICgkZm9sZGVyTm9UcmFpbC5FbmRzV2l0aCgiXCIpKSB7DQogICRsID0gJGZvbGRlck5vVHJhaWwuTGVuZ3RoIC0gMQ0KICAkZm9sZGVyTm9UcmFpbCA9ICRmb2xkZXJOb1RyYWlsLlN1YnN0cmluZygwLCAkbCkNCn0NCg0KJHZtU2VydmljZUZvbGRlciA9ICIkZm9sZGVyTm9UcmFpbFxFbmdpbmVcU291cmNlXFByb2dyYW1zXFBpeGVsU3RyZWFtaW5nXFdlYlNlcnZlcnNcU2lnbmFsbGluZ1dlYlNlcnZlciINCiR2bVdlYlNlcnZpY2VzRm9sZGVyID0gIiRmb2xkZXJOb1RyYWlsXEVuZ2luZVxTb3VyY2VcUHJvZ3JhbXNcUGl4ZWxTdHJlYW1pbmdcV2ViU2VydmVyc1wiDQokZW5naW5lSW5pRmlsZXBhdGggPSAiJGZvbGRlck5vVHJhaWxcIiArICRwaXhlbF9zdHJlYW1fYXBwbGljYXRpb25fbmFtZSArICJcU2F2ZWRcQ29uZmlnXFdpbmRvd3NOb0VkaXRvclxFbmdpbmUuaW5pIg0KJGV4ZWN1dGlvbmZpbGVwYXRoID0gIiRmb2xkZXJOb1RyYWlsXHNjcmlwdHNcc3RhcnRWTVNTLnBzMSINCiR0YXNrTmFtZSA9ICJTdGFydFZNU1MiDQokZGVmYXVsdEh0dHBQb3J0ID0gODANCiRkZWZhdWx0SHR0cHNQb3J0ID0gNDQzDQokZGVwbG95bWVudExvY2F0aW9uID0gJHJlc291cmNlX2dyb3VwX25hbWUuU3BsaXQoJy0nKVsxXQ0KDQokYmFzZV9uYW1lID0gJHJlc291cmNlX2dyb3VwX25hbWUuU3Vic3RyaW5nKDAsICRyZXNvdXJjZV9ncm91cF9uYW1lLkluZGV4T2YoIi0iKSkNCiRha3YgPSAiYWt2LSIgKyAkYmFzZV9uYW1lICsgIi1lYXN0dXMiDQoNCiRkZWZhdWx0SHR0cFBvcnQgPSA4MA0KJGRlZmF1bHRIdHRwc1BvcnQgPSA0NDMNCg0KaWYgKCRwYXQuTGVuZ3RoIC1ndCAwKSB7DQogICNoYW5kbGUgaWYgYSBQQVQgd2FzIHBhc3NlZCBhbmQgdXNlIHRoYXQgaW4gdGhlIHVybA0KICAkbmV3cHJlZml4ID0gImh0dHBzOi8vJHBhdEAiDQogICRnaXRwYXRoID0gJGdpdHBhdGggLXJlcGxhY2UgImh0dHBzOi8vIiwgJG5ld3ByZWZpeCAgDQp9DQojIyMjIyMjIyMjIyMjIyMjIyMjIyMjIyMjIyMjIyMjIyMjIyMjIyMjIyMjIyMjIyMjIyMjIyMjIyMjIyMjIyMjIyMjIyMjIyMjIyMjIyMjIyMjIyMjIyMjIyMjIyMjIyMjIyMjIw0KW1N5c3RlbS5OZXQuU2VydmljZVBvaW50TWFuYWdlcl06OlNlY3VyaXR5UHJvdG9jb2wgPSBbU3lzdGVtLk5ldC5TZWN1cml0eVByb3RvY29sVHlwZV06OlRsczEyOw0KU2V0LUV4ZWN1dGlvblBvbGljeSBCeXBhc3MgLVNjb3BlIFByb2Nlc3MgLUZvcmNlDQoNCk5ldy1JdGVtIC1QYXRoICRsb2dzZm9sZGVyIC1JdGVtVHlwZSBkaXJlY3RvcnkgLUZvcmNlDQpmdW5jdGlvbiBsb2dtZXNzYWdlKCkgew0KICAkbG9nbWVzc2FnZSA9ICRhcmdzWzBdICAgIA0KICAkTWVzc2FnZVRpbWUgPSBHZXQtRGF0ZSAtRm9ybWF0ICJbTU0vZGQveXl5eSBISDptbTpzc10iDQoNCiAgJG91dHB1dCA9ICIkTWVzc2FnZVRpbWUgLSAkbG9nbWVzc2FnZSINCiAgQWRkLUNvbnRlbnQgLVBhdGggJGxvZ291dHB1dCAtVmFsdWUgJG91dHB1dA0KfQ0KDQpsb2dtZXNzYWdlICJTdGFydGluZyBCRSBTZXR1cCBhdDokU3RhcnRUaW1lIg0KbG9nbWVzc2FnZSAiRGlzYWJsaW5nIFdpbmRvd3MgRmlyZXdhbGxzIHN0YXJ0ZWQiDQpOZXctTmV0RmlyZXdhbGxSdWxlIC1EaXNwbGF5TmFtZSAnTWF0Y2htYWtlci1JQi04MCcgLURpcmVjdGlvbiBJbmJvdW5kIC1BY3Rpb24gQWxsb3cgLVByb3RvY29sIFRDUCAtTG9jYWxQb3J0IDgwDQpOZXctTmV0RmlyZXdhbGxSdWxlIC1EaXNwbGF5TmFtZSAnTWF0Y2htYWtlci1JQi05OTk5JyAtRGlyZWN0aW9uIEluYm91bmQgLUFjdGlvbiBBbGxvdyAtUHJvdG9jb2wgVENQIC1Mb2NhbFBvcnQgOTk5OQ0KTmV3LU5ldEZpcmV3YWxsUnVsZSAtRGlzcGxheU5hbWUgJ01hdGNobWFrZXItSUItODg4OCcgLURpcmVjdGlvbiBJbmJvdW5kIC1BY3Rpb24gQWxsb3cgLVByb3RvY29sIFRDUCAtTG9jYWxQb3J0IDg4ODgNCk5ldy1OZXRGaXJld2FsbFJ1bGUgLURpc3BsYXlOYW1lICdNYXRjaG1ha2VyLUlCLTg4ODknIC1EaXJlY3Rpb24gSW5ib3VuZCAtQWN0aW9uIEFsbG93IC1Qcm90b2NvbCBUQ1AgLUxvY2FsUG9ydCA4ODg5DQpOZXctTmV0RmlyZXdhbGxSdWxlIC1EaXNwbGF5TmFtZSAnTWF0Y2htYWtlci1JQi04ODkwJyAtRGlyZWN0aW9uIEluYm91bmQgLUFjdGlvbiBBbGxvdyAtUHJvdG9jb2wgVENQIC1Mb2NhbFBvcnQgODg5MA0KTmV3LU5ldEZpcmV3YWxsUnVsZSAtRGlzcGxheU5hbWUgJ01hdGNobWFrZXItSUItODg5MScgLURpcmVjdGlvbiBJbmJvdW5kIC1BY3Rpb24gQWxsb3cgLVByb3RvY29sIFRDUCAtTG9jYWxQb3J0IDg4OTENCk5ldy1OZXRGaXJld2FsbFJ1bGUgLURpc3BsYXlOYW1lICdNYXRjaG1ha2VyLUlCLTE5MzAyJyAtRGlyZWN0aW9uIEluYm91bmQgLUFjdGlvbiBBbGxvdyAtUHJvdG9jb2wgVENQIC1Mb2NhbFBvcnQgMTkzMDINCk5ldy1OZXRGaXJld2FsbFJ1bGUgLURpc3BsYXlOYW1lICdNYXRjaG1ha2VyLUlCLTE5MzAzJyAtRGlyZWN0aW9uIEluYm91bmQgLUFjdGlvbiBBbGxvdyAtUHJvdG9jb2wgVENQIC1Mb2NhbFBvcnQgMTkzMDMNCk5ldy1OZXRGaXJld2FsbFJ1bGUgLURpc3BsYXlOYW1lICdNYXRjaG1ha2VyLUlCLTQ0MycgLURpcmVjdGlvbiBJbmJvdW5kIC1BY3Rpb24gQWxsb3cgLVByb3RvY29sIFRDUCAtTG9jYWxQb3J0IDQ0Mw0KDQpOZXctTmV0RmlyZXdhbGxSdWxlIC1EaXNwbGF5TmFtZSAnTWF0Y2htYWtlci1PQi04MCcgLURpcmVjdGlvbiBPdXRib3VuZCAtQWN0aW9uIEFsbG93IC1Qcm90b2NvbCBUQ1AgLUxvY2FsUG9ydCA4MA0KTmV3LU5ldEZpcmV3YWxsUnVsZSAtRGlzcGxheU5hbWUgJ01hdGNobWFrZXItT0ItOTk5OScgLURpcmVjdGlvbiBPdXRib3VuZCAtQWN0aW9uIEFsbG93IC1Qcm90b2NvbCBUQ1AgLUxvY2FsUG9ydCA5OTk5DQpOZXctTmV0RmlyZXdhbGxSdWxlIC1EaXNwbGF5TmFtZSAnTWF0Y2htYWtlci1PQi0xOTMwMicgLURpcmVjdGlvbiBPdXRib3VuZCAtQWN0aW9uIEFsbG93IC1Qcm90b2NvbCBUQ1AgLUxvY2FsUG9ydCAxOTMwMg0KTmV3LU5ldEZpcmV3YWxsUnVsZSAtRGlzcGxheU5hbWUgJ01hdGNobWFrZXItT0ItMTkzMDMnIC1EaXJlY3Rpb24gT3V0Ym91bmQgLUFjdGlvbiBBbGxvdyAtUHJvdG9jb2wgVENQIC1Mb2NhbFBvcnQgMTkzMDMNCk5ldy1OZXRGaXJld2FsbFJ1bGUgLURpc3BsYXlOYW1lICdNYXRjaG1ha2VyLU9CLTQ0MycgLURpcmVjdGlvbiBPdXRib3VuZCAtQWN0aW9uIEFsbG93IC1Qcm90b2NvbCBUQ1AgLUxvY2FsUG9ydCA0NDMNCg0KbG9nbWVzc2FnZSAiRGlzYWJsaW5nIFdpbmRvd3MgRmlyZXdhbGxzIGNvbXBsZXRlIg0KDQojZ2l0IGFuZCBnaXQtbGZzIGlzIG9uIHRoZSBpbWFnZSBhbHJlYWR5DQpbcmVmbGVjdGlvbi5hc3NlbWJseV06OkxvYWRXaXRoUGFydGlhbE5hbWUoIlN5c3RlbS5EaXJlY3RvcnlTZXJ2aWNlcy5BY2NvdW50TWFuYWdlbWVudCIpDQokd2hvYW1pID0gW1N5c3RlbS5EaXJlY3RvcnlTZXJ2aWNlcy5BY2NvdW50TWFuYWdlbWVudC5Vc2VyUHJpbmNpcGFsXTo6Q3VycmVudA0KbG9nbWVzc2FnZSAiQ3VycmVudCBDb250ZXh0OiAkd2hvYW1pIg0KDQpsb2dtZXNzYWdlICJDcmVhdGluZzogJGZvbGRlciINCk5ldy1JdGVtIC1QYXRoICRmb2xkZXIgLUl0ZW1UeXBlIGRpcmVjdG9yeQ0KDQpsb2dtZXNzYWdlICJDbG9uaW5nIGNvZGUgcHJvY2VzcyBmcm9tIEdpdCBTdGFydCINCmlmICggKEdldC1DaGlsZEl0ZW0gJGZvbGRlck5vVHJhaWwgfCBNZWFzdXJlLU9iamVjdCkuQ291bnQgLWVxIDApIHsNCiAgdHJ5IHsNCiAgICBsb2dtZXNzYWdlICJTZXQgUGF0aCB0bzogJGZvbGRlciINCiAgICBTZXQtTG9jYXRpb24gLVBhdGggJGZvbGRlciANCg0KICAgIGxvZ21lc3NhZ2UgIkdpdCBMRlMgSW5zdGFsbCINCiAgICBnaXQgbGZzIGluc3RhbGwNCiAgICBTdGFydC1TbGVlcCAxMA0KDQogICAgbG9nbWVzc2FnZSAiR2l0IENsb25lIFN0YXJ0Ig0KICAgIGdpdCBjbG9uZSAtLWRlcHRoIDEgJGdpdHBhdGggJGZvbGRlck5vVHJhaWwgLS1xDQogICAgbG9nbWVzc2FnZSAiR2l0IENsb25lIENvbXBsZXRlIg0KDQogICAgbG9nbWVzc2FnZSAiR2l0IGNsb25pbmcgcHJvY2VzcyBDb21wbGV0ZSINCiAgfQ0KICBjYXRjaCB7DQogICAgbG9nbWVzc2FnZSAkXy5FeGNlcHRpb24uTWVzc2FnZQ0KICAgIGJyZWFrDQogIH0NCiAgZmluYWxseSB7DQogICAgJGVycm9yLmNsZWFyKCkNCiAgfQ0KfSANCmVsc2UgeyANCiAgbG9nbWVzc2FnZSAiVW5yZWFsIEZvbGRlciB3YXMgbm90IEVtcHR5LiBBQk9SVElORy4iDQogIGJyZWFrDQp9DQoNCmxvZ21lc3NhZ2UgIlN0YXJ0IERpcmVjdFggSW5zdGFsbGF0aW9uIg0KY2hvY28gdXBncmFkZSBkaXJlY3R4IC1zIGM6XFxjaG9jby1wYWNrYWdlc1xcZGlyZWN0eCAteSAtLW5vLXByb2dyZXNzDQpsb2dtZXNzYWdlICJDb21wbGV0ZWQgRGlyZWN0WCBJbnN0YWxsYXRpb24iDQoNCmxvZ21lc3NhZ2UgIlN0YXJ0aW5nIGEgQ2hvY28gVXBncmFkZSBBbGwiDQpjaG9jbyB1cGdyYWRlIGFsbCAteSAtLW5vLXByb2dyZXNzDQpsb2dtZXNzYWdlICJDb21wbGV0ZWQgdGhlIENob2NvIFVwZ3JhZGUgQWxsIg0KDQojQWRkIEZQUyB0byBFbmdpbmUuaW5pIGlmIEZQUyBpcyBzZXQgdG8gPiAtMQ0KaWYgKCRmcHMgLWd0IC0xKSB7DQogIGxvZ21lc3NhZ2UgIlN0YXJ0IC0gQWRkaW5nIEZQUyBjb25maWcgdG8gRW5naW5lLmluaSINCiAgDQogIHRyeSB7DQogICAgaWYgKC1ub3QgKFRlc3QtUGF0aCAtTGl0ZXJhbFBhdGggJGVuZ2luZUluaUZpbGVwYXRoKSkgew0KICAgICAgbG9nbWVzc2FnZSAiQ2Fubm90IGZpbmQgRW5naW5lLmluaSBmb2xkZXIgLSBjcmVhdGluZyBpdCBhbmQgYWRkaW5nIEVuZ2luZS5pbmkiDQogICAgICBOZXctSXRlbSAtUGF0aCAkZW5naW5lSW5pRmlsZXBhdGggLUl0ZW1UeXBlIGRpcmVjdG9yeQ0KICAgICAgTmV3LUl0ZW0gLVBhdGggKCRlbmdpbmVJbmlGaWxlcGF0aCsiXEVuZ2luZS5pbmkiKSAtSXRlbVR5cGUgRmlsZQ0KICAgIH0NCiAgICBlbHNlIHsNCiAgICAgIGxvZ21lc3NhZ2UgIkFkZGluZyBGUFMgY29uZmlnIHRvIEVuZ2luZS5pbmkiDQoNCiAgICAgIEFkZC1Db250ZW50IC1QYXRoICRlbmdpbmVJbmlGaWxlcGF0aCAtVmFsdWUgIiINCiAgICAgIEFkZC1Db250ZW50IC1QYXRoICRlbmdpbmVJbmlGaWxlcGF0aCAtVmFsdWUgIlsvU2NyaXB0L0VuZ2luZS5FbmdpbmVdIg0KICAgICAgQWRkLUNvbnRlbnQgLVBhdGggJGVuZ2luZUluaUZpbGVwYXRoIC1WYWx1ZSAiYlVzZUZpeGVkRnJhbWVSYXRlPVRydWUiDQogICAgICBBZGQtQ29udGVudCAtUGF0aCAkZW5naW5lSW5pRmlsZXBhdGggLVZhbHVlICgiRml4ZWRGcmFtZVJhdGU9IiArICRmcHMgKyAiLjAwMDAwMCIpDQogICAgfQ0KICAgIGxvZ21lc3NhZ2UgIkZpbmlzaCAtIEFkZGluZyBGUFMgY29uZmlnIGNvbXBsZXRlIg0KICB9DQogIGNhdGNoIHsNCiAgICBsb2dtZXNzYWdlICRfLkV4Y2VwdGlvbi5NZXNzYWdlDQogIH0NCiAgZmluYWxseSB7DQogICAgJGVycm9yLmNsZWFyKCkNCiAgfQ0KfQ0KDQpsb2dtZXNzYWdlICJTdGFydGluZyBMb29wIg0KIyMjIyMjIyMjIyMjIyMjIyMjIyMjIyMjIyMjIyMjIyMjIyMjIyMjIyMjIyMjDQojTG9vcHMgdGhyb3VnaCBhbGwgdGhlIGluc3RhbmNlcyBvZiB0aGUgU1Mgd2Ugd2FudCwgYW5kIGR1cGxjaWF0ZSB0aGUgZGlyZWN0b3J5IGFuZCBzZXR1cCB0aGUgY29uZmlnL3N0YXJ0dXAgcHJvY2Vzcw0KZm9yICgkaW5zdGFuY2VOdW0gPSAxOyAkaW5zdGFuY2VOdW0gLWxlICRpbnN0YW5jZXNQZXJOb2RlOyAkaW5zdGFuY2VOdW0rKykgew0KICB0cnkgew0KICAgICRTU0ZvbGRlciA9ICR2bVNlcnZpY2VGb2xkZXINCiAgICAgICANCiAgICAjaWYgd2UgYXJlIGF0IG1vcmUgdGhhbiBvbmUgaW5zdGFuY2UgaW4gdGhlIGxvb3Agd2UgbmVlZCB0byBkdXBsaWNhdGUgdGhlIFNTIGRpcg0KICAgIGlmICgkaW5zdGFuY2VOdW0gLWd0IDEpIHsNCiAgICAgICR0YXNrTmFtZSA9ICJTdGFydFZNU1MiICsgJGluc3RhbmNlTnVtDQogICAgICAkU1NGb2xkZXIgPSAkdm1XZWJTZXJ2aWNlc0ZvbGRlciArICJTaWduYWxsaW5nV2ViU2VydmVyIiArICRpbnN0YW5jZU51bQ0KDQogICAgICAjZHVwbGljYXRlIHZtU2VydmljZUZvbGRlciBkaXJlY3RvcnkNCiAgICAgICRuZXdTU0ZvbGRlciA9ICR2bVdlYlNlcnZpY2VzRm9sZGVyICsgIlNpZ25hbGxpbmdXZWJTZXJ2ZXIiICsgJGluc3RhbmNlTnVtDQogICAgICAkc291cmNlRm9sZGVyID0gJHZtU2VydmljZUZvbGRlciArICIqIg0KICAgICAgQ29weS1JdGVtIC1QYXRoICRzb3VyY2VGb2xkZXIgLURlc3RpbmF0aW9uICRuZXdTU0ZvbGRlciAtUmVjdXJzZQ0KICAgIH0NCg0KICAgIHRyeSB7DQogICAgICBTZXQtTG9jYXRpb24gLVBhdGggJFNTRm9sZGVyIA0KICAgIH0NCiAgICBjYXRjaCB7DQogICAgICBsb2dtZXNzYWdlICRfLkV4Y2VwdGlvbi5NZXNzYWdlDQogICAgICBicmVhaw0KICAgIH0NCiAgICBmaW5hbGx5IHsNCiAgICAgICRlcnJvci5jbGVhcigpDQogICAgfQ0KDQogICAgbG9nbWVzc2FnZSAiV3JpdGluZyBwYXJhbXRlcnMgZnJvbSBleHRlbnNpb246ICRTU0ZvbGRlciINCg0KICAgICR2bXNzQ29uZmlnSnNvbiA9IChHZXQtQ29udGVudCAgImNvbmZpZy5qc29uIiAtUmF3KSB8IENvbnZlcnRGcm9tLUpzb24NCiAgICBsb2dtZXNzYWdlICJjdXJyZW50IGNvbmZpZyA6ICR2bXNzQ29uZmlnSnNvbiINCg0KICAgICR2bXNzQ29uZmlnSnNvbi5yZXNvdXJjZUdyb3VwID0gJHJlc291cmNlX2dyb3VwX25hbWUNCiAgICAkdm1zc0NvbmZpZ0pzb24uc3Vic2NyaXB0aW9uSWQgPSAkc3Vic2NyaXB0aW9uX2lkDQogICAgJHZtc3NDb25maWdKc29uLnZpcnR1YWxNYWNoaW5lU2NhbGVTZXQgPSAkdm1zc19uYW1lDQogICAgJHZtc3NDb25maWdKc29uLmFwcEluc2lnaHRzSW5zdHJ1bWVudGF0aW9uS2V5ID0gJGFwcGxpY2F0aW9uX2luc2lnaHRzX2tleQ0KICAgICR2bXNzQ29uZmlnSnNvbi5NYXRjaG1ha2VyQWRkcmVzcyA9ICRtbV9sYl9mcWRuDQogICAgJHZtc3NDb25maWdKc29uLlB1YmxpY0lwID0gJHRoaXNwdWJsaWNpcA0KICAgICR2bXNzQ29uZmlnSnNvbi5IdHRwUG9ydCA9ICgkZGVmYXVsdEh0dHBQb3J0ICsgKCRpbnN0YW5jZU51bSAtIDEpKQ0KICAgICR2bXNzQ29uZmlnSnNvbi5IdHRwc1BvcnQgPSAoJGRlZmF1bHRIdHRwc1BvcnQgKyAoJGluc3RhbmNlTnVtIC0gMSkpDQogICAgJHZtc3NDb25maWdKc29uLlN0cmVhbWVyUG9ydCA9ICgkc3RyZWFtaW5nUG9ydCArICgkaW5zdGFuY2VOdW0gLSAxKSkNCiAgICAkdm1zc0NvbmZpZ0pzb24udW5yZWFsQXBwTmFtZSA9ICRwaXhlbF9zdHJlYW1fYXBwbGljYXRpb25fbmFtZQ0KICAgICR2bXNzQ29uZmlnSnNvbi5yZWdpb24gPSAkZGVwbG95bWVudExvY2F0aW9uDQoNCiAgICAkdm1zc0NvbmZpZ0pzb24gfCBDb252ZXJ0VG8tSnNvbiB8IHNldC1jb250ZW50ICJjb25maWcuanNvbiINCiAgICAkdm1zc0NvbmZpZ0pzb24gPSAoR2V0LUNvbnRlbnQgICJjb25maWcuanNvbiIgLVJhdykgfCBDb252ZXJ0RnJvbS1Kc29uDQogICAgbG9nbWVzc2FnZSAkdm1zc0NvbmZpZ0pzb24NCg0KICAgIGxvZ21lc3NhZ2UgIldyaXRpbmcgcGFyYW1ldGVycyBmcm9tIGV4dGVuc2lvbiBjb21wbGV0ZS4gVXBkYXRlZCBjb25maWcgOiAkdm1zc0NvbmZpZ0pzb24iDQogIH0NCiAgY2F0Y2ggew0KICAgIGxvZ21lc3NhZ2UgIkV4Y2VwdGlvbjogIiArICRfLkV4Y2VwdGlvbg0KICB9DQogIGZpbmFsbHkgew0KICAgICRlcnJvci5jbGVhcigpICAgIA0KICB9DQoNCiAgbG9nbWVzc2FnZSAiQ3JlYXRpbmcgYSBqb2Igc2NoZWR1bGUgIg0KDQogICR0cmlnZ2VyID0gTmV3LUpvYlRyaWdnZXIgLUF0U3RhcnR1cCAtUmFuZG9tRGVsYXkgMDA6MDA6MTANCiAgdHJ5IHsNCiAgICAkVXNlciA9ICJOVCBBVVRIT1JJVFlcU1lTVEVNIg0KICAgICRQUyA9IE5ldy1TY2hlZHVsZWRUYXNrQWN0aW9uIC1FeGVjdXRlICJwb3dlcnNoZWxsLmV4ZSIgLUFyZ3VtZW50ICItZXhlY3V0aW9ucG9saWN5IGJ5cGFzcyAtbm9wcm9maWxlIC1maWxlICRleGVjdXRpb25maWxlcGF0aCAkaW5zdGFuY2VOdW0gJHN0cmVhbWluZ1BvcnQgJHJlc29sdXRpb25XaWR0aCAkcmVzb2x1dGlvbkhlaWdodCAiIiRwaXhlbF9zdHJlYW1fYXBwbGljYXRpb25fbmFtZSIiIg0KICAgIFJlZ2lzdGVyLVNjaGVkdWxlZFRhc2sgLVRyaWdnZXIgJHRyaWdnZXIgLVVzZXIgJFVzZXIgLVRhc2tOYW1lICR0YXNrTmFtZSAtQWN0aW9uICRQUyAtUnVuTGV2ZWwgSGlnaGVzdCAtQXNKb2IgLUZvcmNlDQogIH0NCiAgY2F0Y2ggew0KICAgIGxvZ21lc3NhZ2UgIkV4Y2VwdGlvbjogIiArICRfLkV4Y2VwdGlvbg0KICB9DQogIGZpbmFsbHkgew0KICAgICRlcnJvci5jbGVhcigpICAgIA0KICB9DQoNCiAgbG9nbWVzc2FnZSAiQ3JlYXRpbmcgYSBqb2Igc2NoZWR1bGUgY29tcGxldGUiDQoNCiAgbG9nbWVzc2FnZSAiQXogTG9naW4iDQogIGF6IGxvZ2luIC0taWRlbnRpdHkNCiAgbG9nbWVzc2FnZSAiQXogU2V0IFN1YnNjcmlwdGlvbiINCiAgYXogYWNjb3VudCBzZXQgLS1zdWJzY3JpcHRpb24gJHN1YnNjcmlwdGlvbl9pZA0KDQogIFtyZWZsZWN0aW9uLmFzc2VtYmx5XTo6TG9hZFdpdGhQYXJ0aWFsTmFtZSgiU3lzdGVtLkRpcmVjdG9yeVNlcnZpY2VzLkFjY291bnRNYW5hZ2VtZW50IikNCiAgJHdob2FtaSA9IFtTeXN0ZW0uRGlyZWN0b3J5U2VydmljZXMuQWNjb3VudE1hbmFnZW1lbnQuVXNlclByaW5jaXBhbF06OkN1cnJlbnQNCiAgbG9nbWVzc2FnZSAiQ3VycmVudCBDb250ZXh0OiAkd2hvYW1pIg0KICANCiAgIyMjIGFkZGluZyBwcm9jZXNzIHRvIGRvd25sb2FkIGNlcnRzDQogIGxvZ21lc3NhZ2UgIlN0YXJ0aW5nIGRvd25sb2FkIG9mIGNlcnRzIg0KICANCiAgI2NyZWF0ZSB0aGUgY2VydGlmaWNhdGVzIGZvbGRlcg0KICAkdm1DZXJ0Rm9sZGVyID0gJFNTRm9sZGVyICsgIlxjZXJ0aWZpY2F0ZXMiDQoNCiAgaWYgKC1ub3QgKFRlc3QtUGF0aCAtTGl0ZXJhbFBhdGggJHZtQ2VydEZvbGRlcikpIHsNCiAgICAkZnNvID0gbmV3LW9iamVjdCAtQ29tT2JqZWN0IHNjcmlwdGluZy5maWxlc3lzdGVtb2JqZWN0DQogICAgJGZzby5DcmVhdGVGb2xkZXIoJHZtQ2VydEZvbGRlcikNCiAgfQ0KICBlbHNlIHsNCiAgICBsb2dtZXNzYWdlICJQYXRoIGFscmVhZHkgZXhpc3RzOiAkdm1DZXJ0Rm9sZGVyIg0KICB9DQoNCiAgI3NldCB0aGUgcGF0aCB0byB0aGUgY2VydGlmaWNhdGVzIGZvbGRlcg0KICBTZXQtTG9jYXRpb24gLVBhdGggJHZtQ2VydEZvbGRlciANCg0KICB0cnkgew0KICAgICNjaGVjayB0byBzZWUgaWYgdGhlIGtleSBleGlzdHM/DQogICAgJGFrdmNlcnQgPSAoYXoga2V5dmF1bHQgY2VydGlmaWNhdGUgbGlzdC12ZXJzaW9ucyAtLXZhdWx0LW5hbWUgJGFrdiAtbiAidW5yZWFscGl4ZWxzdHJlYW1pbmciIC0tcXVlcnkgIltdLntOYW1lOm5hbWV9IiAtbyB0YWJsZSkuQ291bnQNCg0KICAgICNkb3dubG9hZCB0aGUgY2VydCB0byB0aGUgZm9sZGVyICgxIG1lYW5zIHRoZXJlIGlzIG5vIGNlcnQsIDMgb3IgbW9yZSBpbmRpY2F0ZXMgdGhlIHNwZWNpZmljIGNlcnQgd2FzIGZvdW5kKQ0KICAgIGlmICgkYWt2Y2VydCAtZ3QgMSkgew0KICAgICAgdHJ5IHsNCiAgICAgICAgYXoga2V5dmF1bHQgY2VydGlmaWNhdGUgZG93bmxvYWQgLS12YXVsdC1uYW1lICRha3YgLW4gInVucmVhbHBpeGVsc3RyZWFtaW5nIiAtZiBjbGllbnQtY2VydC5wZW0NCiAgICAgICAgbG9nbWVzc2FnZSAiQ2VydGlmaWNhdGVzIERvd25sb2FkIFN1Y2NlZWRlZCINCiAgICAgIH0NCiAgICAgIGNhdGNoIHsNCiAgICAgICAgbG9nbWVzc2FnZSAiQ2VydGlmaWNhdGVzIERvd25sb2FkIEZhaWxlZCINCiAgICAgIH0NCiAgICB9DQogICAgZWxzZSB7DQogICAgICBsb2dtZXNzYWdlICJDZXJ0aWZpY2F0ZSBkb2VzIG5vdCBleGlzdCINCiAgICB9DQoNCiAgICBsb2dtZXNzYWdlICJDb21wbGV0ZWQgZG93bmxvYWQgb2YgY2VydHMiDQogICAgIyMjIGVuZCBwcm9jZXNzIHRvIGRvd25sb2FkIGNlcnRzDQogIH0NCiAgY2F0Y2ggew0KICAgIGxvZ21lc3NhZ2UgIkV4Y2VwdGlvbjogIiArICRfLkV4Y2VwdGlvbg0KICB9DQogIGZpbmFsbHkgew0KICAgICRlcnJvci5jbGVhcigpICAgIA0KICB9DQogIGxvZ21lc3NhZ2UgIlN0YXJ0aW5nIHRoZSBWTVNTIFByb2Nlc3MgIg0KDQogICNpbnZva2UgdGhlIHNjcmlwdCB0byBzdGFydCBpdCB0aGlzIHRpbWUNCiAgU2V0LUV4ZWN1dGlvblBvbGljeSBCeXBhc3MgLVNjb3BlIEN1cnJlbnRVc2VyIC1Gb3JjZQ0KDQogICNBZGQgcGFyYW0gZm9yIHdoaWNoIHZlcnNpb24gb2YgU1MgZm9sZGVyIHdlIGFyZSBhdA0KICAjSW52b2tlLUV4cHJlc3Npb24gIiRleGVjdXRpb25maWxlcGF0aCAkaW5zdGFuY2VOdW0gJHN0cmVhbWluZ1BvcnQgJHJlc29sdXRpb25XaWR0aCAkcmVzb2x1dGlvbkhlaWdodCAkcGl4ZWxfc3RyZWFtX2FwcGxpY2F0aW9uX25hbWUiDQogIFN0YXJ0LVNjaGVkdWxlZFRhc2sgLVRhc2tOYW1lICR0YXNrTmFtZSAtQXNKb2INCn0NCg0KJEVuZFRpbWUgPSBHZXQtRGF0ZQ0KbG9nbWVzc2FnZSAiQ29tcGxldGVkIGF0OiRFbmRUaW1lIg==",
            "data_disk": [],
            "do_not_run_extensions_on_overprovisioned_machines": false,
            "enable_automatic_updates": true,
            "encryption_at_host_enabled": false,
            "eviction_policy": "",
            "extension": null,
            "extensions_time_budget": "PT1H30M",
            "health_probe_id": "",
            "id": "/subscriptions/205eeadc-4811-4da1-8cc8-6f8cb198ed98/resourceGroups/aqny8-eastus-unreal-rg/providers/Microsoft.Compute/virtualMachineScaleSets/aqny8vmss",
            "identity": [
              {
                "identity_ids": null,
                "principal_id": "ccc015e8-ab3d-4dc6-9e75-02afdb5ad062",
                "type": "SystemAssigned"
              }
            ],
            "instances": 1,
            "license_type": "",
            "location": "eastus",
            "max_bid_price": -1,
            "name": "aqny8vmss",
            "network_interface": [
              {
                "dns_servers": null,
                "enable_accelerated_networking": false,
                "enable_ip_forwarding": false,
                "ip_configuration": [
                  {
                    "application_gateway_backend_address_pool_ids": null,
                    "application_security_group_ids": null,
                    "load_balancer_backend_address_pool_ids": null,
                    "load_balancer_inbound_nat_rules_ids": null,
                    "name": "external",
                    "primary": true,
                    "public_ip_address": [
                      {
                        "domain_name_label": "vmss-aqny8",
                        "idle_timeout_in_minutes": 4,
                        "ip_tag": [],
                        "name": "vmss_public_ip",
                        "public_ip_prefix_id": ""
                      }
                    ],
                    "subnet_id": "/subscriptions/205eeadc-4811-4da1-8cc8-6f8cb198ed98/resourceGroups/aqny8-eastus-unreal-rg/providers/Microsoft.Network/virtualNetworks/aqny8-vnet-eastus/subnets/aqny8-subnet-eastus",
                    "version": "IPv4"
                  }
                ],
                "name": "vmss-nic-eastus",
                "network_security_group_id": "/subscriptions/205eeadc-4811-4da1-8cc8-6f8cb198ed98/resourceGroups/aqny8-eastus-unreal-rg/providers/Microsoft.Network/networkSecurityGroups/aqny8-be-nsg",
                "primary": true
              }
            ],
            "os_disk": [
              {
                "caching": "ReadWrite",
                "diff_disk_settings": [],
                "disk_encryption_set_id": "",
                "disk_size_gb": 127,
                "storage_account_type": "Standard_LRS",
                "write_accelerator_enabled": false
              }
            ],
            "overprovision": true,
            "plan": [],
            "platform_fault_domain_count": 0,
            "priority": "Regular",
            "provision_vm_agent": true,
            "proximity_placement_group_id": "",
            "resource_group_name": "aqny8-eastus-unreal-rg",
            "rolling_upgrade_policy": [],
            "scale_in_policy": "Default",
            "secret": [],
            "single_placement_group": true,
            "sku": "Standard_NV6",
            "source_image_id": "",
            "source_image_reference": [
              {
                "offer": "msftpixelstreaming",
                "publisher": "microsoft-agci-gaming",
                "sku": "nvidia",
                "version": "latest"
              }
            ],
            "tags": {
              "solution": "Unreal Pixel Streaming TF"
            },
            "terminate_notification": null,
            "timeouts": null,
            "timezone": "",
            "unique_id": "cd467cac-4c89-423b-9494-47d6f24ffb16",
            "upgrade_mode": "Automatic",
            "winrm_listener": [],
            "zone_balance": false,
            "zones": null
          },
          "sensitive_attributes": [],
          "private": "eyJlMmJmYjczMC1lY2FhLTExZTYtOGY4OC0zNDM2M2JjN2M0YzAiOnsiY3JlYXRlIjozNjAwMDAwMDAwMDAwLCJkZWxldGUiOjM2MDAwMDAwMDAwMDAsInJlYWQiOjMwMDAwMDAwMDAwMCwidXBkYXRlIjozNjAwMDAwMDAwMDAwfX0=",
          "dependencies": [
            "module.region_deployment.azurerm_network_security_group.backend-nsg",
            "module.region_deployment.azurerm_resource_group.region-rg",
            "module.region_deployment.azurerm_subnet.subnet",
            "module.region_deployment.azurerm_virtual_network.vnet",
            "module.region_deployment.data.azurerm_client_config.regional-current",
            "random_string.base_id"
          ]
        }
      ]
    },
    {
      "module": "module.region_deployment[\"eastus-unreal-rg\"]",
      "mode": "managed",
      "type": "random_string",
      "name": "admin_password",
      "provider": "provider[\"registry.terraform.io/hashicorp/random\"]",
      "instances": [
        {
          "schema_version": 1,
          "attributes": {
            "id": "tV*ki@SD=$)0ngF",
            "keepers": null,
            "length": 15,
            "lower": true,
            "min_lower": 0,
            "min_numeric": 0,
            "min_special": 1,
            "min_upper": 0,
            "number": true,
            "override_special": null,
            "result": "tV*ki@SD=$)0ngF",
            "special": true,
            "upper": true
          },
          "sensitive_attributes": [],
          "private": "eyJzY2hlbWFfdmVyc2lvbiI6IjEifQ=="
        }
      ]
    }
  ]
}
